
Microsoft Visual Studio Solution File, Format Version 12.00
Project("{2150E333-8FDC-42A3-9474-1A3956D46DE8}") = "Orders", "Orders", "{121B974B-9C00-47EC-8961-469C6E1596EB}"
EndProject
Project("{FAE04EC0-301F-11D3-BF4B-00C04F79EFBC}") = "ST.DotNetSolutionKit.Samples.Orders", "ST.DotNetSolutionKit.Samples.Orders\ST.DotNetSolutionKit.Samples.Orders\ST.DotNetSolutionKit.Samples.Orders.csproj", "{5A5DD699-1BBB-40B6-A9FB-8B2269A9A74D}"
EndProject
Project("{FAE04EC0-301F-11D3-BF4B-00C04F79EFBC}") = "ST.DotNetSolutionKit.Samples.Orders.Application", "ST.DotNetSolutionKit.Samples.Orders\ST.DotNetSolutionKit.Samples.Orders.Application\ST.DotNetSolutionKit.Samples.Orders.Application.csproj", "{E313F870-A3F7-44CA-A02D-E2FD74B77D51}"
EndProject
Project("{FAE04EC0-301F-11D3-BF4B-00C04F79EFBC}") = "ST.DotNetSolutionKit.Samples.Orders.Infrastructure", "ST.DotNetSolutionKit.Samples.Orders\ST.DotNetSolutionKit.Samples.Orders.Infrastructure\ST.DotNetSolutionKit.Samples.Orders.Infrastructure.csproj", "{59B65D9A-7010-4AD1-9F5E-616704CF7E88}"
EndProject
Project("{FAE04EC0-301F-11D3-BF4B-00C04F79EFBC}") = "ST.DotNetSolutionKit.Samples.Orders.Tests", "ST.DotNetSolutionKit.Samples.Orders\ST.DotNetSolutionKit.Samples.Orders.Tests\ST.DotNetSolutionKit.Samples.Orders.Tests.csproj", "{D2A63D9B-B100-4FBF-93AC-7EF92D598286}"
EndProject
Project("{FAE04EC0-301F-11D3-BF4B-00C04F79EFBC}") = "ST.DotNetSolutionKit.Samples.Orders.API", "ST.DotNetSolutionKit.Samples.Orders\ST.DotNetSolutionKit.Samples.Orders.API\ST.DotNetSolutionKit.Samples.Orders.API.csproj", "{5A453523-162D-4FFE-897E-278A17882559}"
EndProject
Project("{2150E333-8FDC-42A3-9474-1A3956D46DE8}") = "Common", "Common", "{8519937F-6A2B-4441-9591-06640B035553}"
EndProject
Project("{FAE04EC0-301F-11D3-BF4B-00C04F79EFBC}") = "ST.DotNetSolutionKit.Samples.Common.Web", "..\common\ST.DotNetSolutionKit.Samples.Common.Web\ST.DotNetSolutionKit.Samples.Common.Web.csproj", "{A095D328-1E00-4A4C-87A8-E93585BC3743}"
EndProject
Project("{FAE04EC0-301F-11D3-BF4B-00C04F79EFBC}") = "ST.DotNetSolutionKit.Samples.Common", "..\common\ST.DotNetSolutionKit.Samples.Common\ST.DotNetSolutionKit.Samples.Common.csproj", "{342C6EA6-2723-4C59-B8EC-2C5D06E92910}"
EndProject
Project("{FAE04EC0-301F-11D3-BF4B-00C04F79EFBC}") = "ST.DotNetSolutionKit.Samples.Common.Application", "..\common\ST.DotNetSolutionKit.Samples.Common.Application\ST.DotNetSolutionKit.Samples.Common.Application.csproj", "{1FD2AD9B-31E5-4D79-869D-6EA86C634A4D}"
EndProject
Project("{FAE04EC0-301F-11D3-BF4B-00C04F79EFBC}") = "ST.DotNetSolutionKit.Samples.Common.Contracts", "..\common\ST.DotNetSolutionKit.Samples.Common.Contracts\ST.DotNetSolutionKit.Samples.Common.Contracts.csproj", "{D139F949-6048-44D7-A225-E9CF9CA33814}"
EndProject
Project("{FAE04EC0-301F-11D3-BF4B-00C04F79EFBC}") = "ST.DotNetSolutionKit.Samples.Common.Infrastructure", "..\common\ST.DotNetSolutionKit.Samples.Common.Infrastructure\ST.DotNetSolutionKit.Samples.Common.Infrastructure.csproj", "{1D315BA6-E9DA-41B3-9083-F154C08FCC49}"
EndProject
Project("{FAE04EC0-301F-11D3-BF4B-00C04F79EFBC}") = "ST.DotNetSolutionKit.Samples.Common.Tests", "..\common\ST.DotNetSolutionKit.Samples.Common.Tests\ST.DotNetSolutionKit.Samples.Common.Tests.csproj", "{D2016742-96FB-46A4-9009-8878906D8C1A}"
EndProject
Project("{FAE04EC0-301F-11D3-BF4B-00C04F79EFBC}") = "ST.DotNetSolutionKit.Samples.Common.Testing", "..\common\ST.DotNetSolutionKit.Samples.Common.Testing\ST.DotNetSolutionKit.Samples.Common.Testing.csproj", "{24601F4D-DA7F-473A-B8EF-61BF575793D8}"
EndProject
Project("{2150E333-8FDC-42A3-9474-1A3956D46DE8}") = "Billing", "Billing", "{7FB7646D-4138-FB10-37A1-8D15C194EAE0}"
EndProject
Project("{FAE04EC0-301F-11D3-BF4B-00C04F79EFBC}") = "ST.DotNetSolutionKit.Samples.Billing.API", "ST.DotNetSolutionKit.Samples.Billing\ST.DotNetSolutionKit.Samples.Billing.API\ST.DotNetSolutionKit.Samples.Billing.API.csproj", "{39E1701F-BD7B-4702-94BC-01C36E834217}"
EndProject
Project("{FAE04EC0-301F-11D3-BF4B-00C04F79EFBC}") = "ST.DotNetSolutionKit.Samples.Billing.Application", "ST.DotNetSolutionKit.Samples.Billing\ST.DotNetSolutionKit.Samples.Billing.Application\ST.DotNetSolutionKit.Samples.Billing.Application.csproj", "{DC21CD5F-2883-4BC2-BFE9-9A2E7915DFCD}"
EndProject
Project("{FAE04EC0-301F-11D3-BF4B-00C04F79EFBC}") = "ST.DotNetSolutionKit.Samples.Billing", "ST.DotNetSolutionKit.Samples.Billing\ST.DotNetSolutionKit.Samples.Billing\ST.DotNetSolutionKit.Samples.Billing.csproj", "{C01223A4-462C-4F54-B236-8A0B00B3AC72}"
EndProject
Project("{FAE04EC0-301F-11D3-BF4B-00C04F79EFBC}") = "ST.DotNetSolutionKit.Samples.Billing.Infrastructure", "ST.DotNetSolutionKit.Samples.Billing\ST.DotNetSolutionKit.Samples.Billing.Infrastructure\ST.DotNetSolutionKit.Samples.Billing.Infrastructure.csproj", "{AB19D46B-E61E-4659-BBF8-58057B8515F3}"
EndProject
Project("{FAE04EC0-301F-11D3-BF4B-00C04F79EFBC}") = "ST.DotNetSolutionKit.Samples.Billing.Tests", "ST.DotNetSolutionKit.Samples.Billing\ST.DotNetSolutionKit.Samples.Billing.Tests\ST.DotNetSolutionKit.Samples.Billing.Tests.csproj", "{93BB3E28-32F2-43CC-9031-076E6F1526EC}"
EndProject
Project("{FAE04EC0-301F-11D3-BF4B-00C04F79EFBC}") = "ST.DotNetSolutionKit.Samples.Capabilities.Mongo.Tests", "..\capabilities\ST.DotNetSolutionKit.Samples.Capabilities.Mongo.Tests\ST.DotNetSolutionKit.Samples.Capabilities.Mongo.Tests.csproj", "{B3B9A1F3-59EA-4C2B-8DAD-AF6E7919AC08}"
EndProject
Project("{FAE04EC0-301F-11D3-BF4B-00C04F79EFBC}") = "ST.DotNetSolutionKit.Samples.Capabilities.Mongo", "..\capabilities\ST.DotNetSolutionKit.Samples.Capabilities.Mongo\ST.DotNetSolutionKit.Samples.Capabilities.Mongo.csproj", "{38113B70-1456-4896-A8E3-140820A80AB1}"
EndProject
Project("{FAE04EC0-301F-11D3-BF4B-00C04F79EFBC}") = "ST.DotNetSolutionKit.Samples.Capabilities.Notifications.Tests", "..\capabilities\ST.DotNetSolutionKit.Samples.Capabilities.Notifications.Tests\ST.DotNetSolutionKit.Samples.Capabilities.Notifications.Tests.csproj", "{D288EF51-5D9E-4F2F-9926-A2A42D46B3B1}"
EndProject
Project("{FAE04EC0-301F-11D3-BF4B-00C04F79EFBC}") = "ST.DotNetSolutionKit.Samples.Capabilities.Notifications", "..\capabilities\ST.DotNetSolutionKit.Samples.Capabilities.Notifications\ST.DotNetSolutionKit.Samples.Capabilities.Notifications.csproj", "{5DCC226D-D994-4BE6-8CE9-4F5B2ADB9EF6}"
EndProject
Project("{2150E333-8FDC-42A3-9474-1A3956D46DE8}") = "Catalog", "Catalog", "{50761A8C-3A0B-6B1B-86AD-17AC9E1B806D}"
EndProject
Project("{FAE04EC0-301F-11D3-BF4B-00C04F79EFBC}") = "ST.DotNetSolutionKit.Samples.Catalog.API", "ST.DotNetSolutionKit.Samples.Catalog\ST.DotNetSolutionKit.Samples.Catalog.API\ST.DotNetSolutionKit.Samples.Catalog.API.csproj", "{9A002E5D-3D45-444F-9001-211A96D587B1}"
EndProject
Project("{FAE04EC0-301F-11D3-BF4B-00C04F79EFBC}") = "ST.DotNetSolutionKit.Samples.Catalog.Application", "ST.DotNetSolutionKit.Samples.Catalog\ST.DotNetSolutionKit.Samples.Catalog.Application\ST.DotNetSolutionKit.Samples.Catalog.Application.csproj", "{E7FBC216-F8C7-49AB-93F2-3177B1D07D74}"
EndProject
Project("{FAE04EC0-301F-11D3-BF4B-00C04F79EFBC}") = "ST.DotNetSolutionKit.Samples.Catalog", "ST.DotNetSolutionKit.Samples.Catalog\ST.DotNetSolutionKit.Samples.Catalog\ST.DotNetSolutionKit.Samples.Catalog.csproj", "{75BC2638-3626-4AAB-8FC1-2865456F50DD}"
EndProject
Project("{FAE04EC0-301F-11D3-BF4B-00C04F79EFBC}") = "ST.DotNetSolutionKit.Samples.Catalog.Infrastructure", "ST.DotNetSolutionKit.Samples.Catalog\ST.DotNetSolutionKit.Samples.Catalog.Infrastructure\ST.DotNetSolutionKit.Samples.Catalog.Infrastructure.csproj", "{BB5EA7B4-A721-4384-80E9-45810D9CE934}"
EndProject
Project("{FAE04EC0-301F-11D3-BF4B-00C04F79EFBC}") = "ST.DotNetSolutionKit.Samples.Catalog.Tests", "ST.DotNetSolutionKit.Samples.Catalog\ST.DotNetSolutionKit.Samples.Catalog.Tests\ST.DotNetSolutionKit.Samples.Catalog.Tests.csproj", "{DDB470CD-D79A-4248-BAC9-0756B5E0E195}"
EndProject
Global
	GlobalSection(SolutionConfigurationPlatforms) = preSolution
		Debug|Any CPU = Debug|Any CPU
		Debug|x64 = Debug|x64
		Debug|x86 = Debug|x86
		Release|Any CPU = Release|Any CPU
		Release|x64 = Release|x64
		Release|x86 = Release|x86
	EndGlobalSection
	GlobalSection(ProjectConfigurationPlatforms) = postSolution
		{5A5DD699-1BBB-40B6-A9FB-8B2269A9A74D}.Debug|Any CPU.ActiveCfg = Debug|Any CPU
		{5A5DD699-1BBB-40B6-A9FB-8B2269A9A74D}.Debug|Any CPU.Build.0 = Debug|Any CPU
		{5A5DD699-1BBB-40B6-A9FB-8B2269A9A74D}.Debug|x64.ActiveCfg = Debug|Any CPU
		{5A5DD699-1BBB-40B6-A9FB-8B2269A9A74D}.Debug|x64.Build.0 = Debug|Any CPU
		{5A5DD699-1BBB-40B6-A9FB-8B2269A9A74D}.Debug|x86.ActiveCfg = Debug|Any CPU
		{5A5DD699-1BBB-40B6-A9FB-8B2269A9A74D}.Debug|x86.Build.0 = Debug|Any CPU
		{5A5DD699-1BBB-40B6-A9FB-8B2269A9A74D}.Release|Any CPU.ActiveCfg = Release|Any CPU
		{5A5DD699-1BBB-40B6-A9FB-8B2269A9A74D}.Release|Any CPU.Build.0 = Release|Any CPU
		{5A5DD699-1BBB-40B6-A9FB-8B2269A9A74D}.Release|x64.ActiveCfg = Release|Any CPU
		{5A5DD699-1BBB-40B6-A9FB-8B2269A9A74D}.Release|x64.Build.0 = Release|Any CPU
		{5A5DD699-1BBB-40B6-A9FB-8B2269A9A74D}.Release|x86.ActiveCfg = Release|Any CPU
		{5A5DD699-1BBB-40B6-A9FB-8B2269A9A74D}.Release|x86.Build.0 = Release|Any CPU
		{E313F870-A3F7-44CA-A02D-E2FD74B77D51}.Debug|Any CPU.ActiveCfg = Debug|Any CPU
		{E313F870-A3F7-44CA-A02D-E2FD74B77D51}.Debug|Any CPU.Build.0 = Debug|Any CPU
		{E313F870-A3F7-44CA-A02D-E2FD74B77D51}.Debug|x64.ActiveCfg = Debug|Any CPU
		{E313F870-A3F7-44CA-A02D-E2FD74B77D51}.Debug|x64.Build.0 = Debug|Any CPU
		{E313F870-A3F7-44CA-A02D-E2FD74B77D51}.Debug|x86.ActiveCfg = Debug|Any CPU
		{E313F870-A3F7-44CA-A02D-E2FD74B77D51}.Debug|x86.Build.0 = Debug|Any CPU
		{E313F870-A3F7-44CA-A02D-E2FD74B77D51}.Release|Any CPU.ActiveCfg = Release|Any CPU
		{E313F870-A3F7-44CA-A02D-E2FD74B77D51}.Release|Any CPU.Build.0 = Release|Any CPU
		{E313F870-A3F7-44CA-A02D-E2FD74B77D51}.Release|x64.ActiveCfg = Release|Any CPU
		{E313F870-A3F7-44CA-A02D-E2FD74B77D51}.Release|x64.Build.0 = Release|Any CPU
		{E313F870-A3F7-44CA-A02D-E2FD74B77D51}.Release|x86.ActiveCfg = Release|Any CPU
		{E313F870-A3F7-44CA-A02D-E2FD74B77D51}.Release|x86.Build.0 = Release|Any CPU
		{59B65D9A-7010-4AD1-9F5E-616704CF7E88}.Debug|Any CPU.ActiveCfg = Debug|Any CPU
		{59B65D9A-7010-4AD1-9F5E-616704CF7E88}.Debug|Any CPU.Build.0 = Debug|Any CPU
		{59B65D9A-7010-4AD1-9F5E-616704CF7E88}.Debug|x64.ActiveCfg = Debug|Any CPU
		{59B65D9A-7010-4AD1-9F5E-616704CF7E88}.Debug|x64.Build.0 = Debug|Any CPU
		{59B65D9A-7010-4AD1-9F5E-616704CF7E88}.Debug|x86.ActiveCfg = Debug|Any CPU
		{59B65D9A-7010-4AD1-9F5E-616704CF7E88}.Debug|x86.Build.0 = Debug|Any CPU
		{59B65D9A-7010-4AD1-9F5E-616704CF7E88}.Release|Any CPU.ActiveCfg = Release|Any CPU
		{59B65D9A-7010-4AD1-9F5E-616704CF7E88}.Release|Any CPU.Build.0 = Release|Any CPU
		{59B65D9A-7010-4AD1-9F5E-616704CF7E88}.Release|x64.ActiveCfg = Release|Any CPU
		{59B65D9A-7010-4AD1-9F5E-616704CF7E88}.Release|x64.Build.0 = Release|Any CPU
		{59B65D9A-7010-4AD1-9F5E-616704CF7E88}.Release|x86.ActiveCfg = Release|Any CPU
		{59B65D9A-7010-4AD1-9F5E-616704CF7E88}.Release|x86.Build.0 = Release|Any CPU
		{D2A63D9B-B100-4FBF-93AC-7EF92D598286}.Debug|Any CPU.ActiveCfg = Debug|Any CPU
		{D2A63D9B-B100-4FBF-93AC-7EF92D598286}.Debug|Any CPU.Build.0 = Debug|Any CPU
		{D2A63D9B-B100-4FBF-93AC-7EF92D598286}.Debug|x64.ActiveCfg = Debug|Any CPU
		{D2A63D9B-B100-4FBF-93AC-7EF92D598286}.Debug|x64.Build.0 = Debug|Any CPU
		{D2A63D9B-B100-4FBF-93AC-7EF92D598286}.Debug|x86.ActiveCfg = Debug|Any CPU
		{D2A63D9B-B100-4FBF-93AC-7EF92D598286}.Debug|x86.Build.0 = Debug|Any CPU
		{D2A63D9B-B100-4FBF-93AC-7EF92D598286}.Release|Any CPU.ActiveCfg = Release|Any CPU
		{D2A63D9B-B100-4FBF-93AC-7EF92D598286}.Release|Any CPU.Build.0 = Release|Any CPU
		{D2A63D9B-B100-4FBF-93AC-7EF92D598286}.Release|x64.ActiveCfg = Release|Any CPU
		{D2A63D9B-B100-4FBF-93AC-7EF92D598286}.Release|x64.Build.0 = Release|Any CPU
		{D2A63D9B-B100-4FBF-93AC-7EF92D598286}.Release|x86.ActiveCfg = Release|Any CPU
		{D2A63D9B-B100-4FBF-93AC-7EF92D598286}.Release|x86.Build.0 = Release|Any CPU
		{5A453523-162D-4FFE-897E-278A17882559}.Debug|Any CPU.ActiveCfg = Debug|Any CPU
		{5A453523-162D-4FFE-897E-278A17882559}.Debug|Any CPU.Build.0 = Debug|Any CPU
		{5A453523-162D-4FFE-897E-278A17882559}.Debug|x64.ActiveCfg = Debug|Any CPU
		{5A453523-162D-4FFE-897E-278A17882559}.Debug|x64.Build.0 = Debug|Any CPU
		{5A453523-162D-4FFE-897E-278A17882559}.Debug|x86.ActiveCfg = Debug|Any CPU
		{5A453523-162D-4FFE-897E-278A17882559}.Debug|x86.Build.0 = Debug|Any CPU
		{5A453523-162D-4FFE-897E-278A17882559}.Release|Any CPU.ActiveCfg = Release|Any CPU
		{5A453523-162D-4FFE-897E-278A17882559}.Release|Any CPU.Build.0 = Release|Any CPU
		{5A453523-162D-4FFE-897E-278A17882559}.Release|x64.ActiveCfg = Release|Any CPU
		{5A453523-162D-4FFE-897E-278A17882559}.Release|x64.Build.0 = Release|Any CPU
		{5A453523-162D-4FFE-897E-278A17882559}.Release|x86.ActiveCfg = Release|Any CPU
		{5A453523-162D-4FFE-897E-278A17882559}.Release|x86.Build.0 = Release|Any CPU
		{A095D328-1E00-4A4C-87A8-E93585BC3743}.Debug|Any CPU.ActiveCfg = Debug|Any CPU
		{A095D328-1E00-4A4C-87A8-E93585BC3743}.Debug|Any CPU.Build.0 = Debug|Any CPU
		{A095D328-1E00-4A4C-87A8-E93585BC3743}.Debug|x64.ActiveCfg = Debug|Any CPU
		{A095D328-1E00-4A4C-87A8-E93585BC3743}.Debug|x64.Build.0 = Debug|Any CPU
		{A095D328-1E00-4A4C-87A8-E93585BC3743}.Debug|x86.ActiveCfg = Debug|Any CPU
		{A095D328-1E00-4A4C-87A8-E93585BC3743}.Debug|x86.Build.0 = Debug|Any CPU
		{A095D328-1E00-4A4C-87A8-E93585BC3743}.Release|Any CPU.ActiveCfg = Release|Any CPU
		{A095D328-1E00-4A4C-87A8-E93585BC3743}.Release|Any CPU.Build.0 = Release|Any CPU
		{A095D328-1E00-4A4C-87A8-E93585BC3743}.Release|x64.ActiveCfg = Release|Any CPU
		{A095D328-1E00-4A4C-87A8-E93585BC3743}.Release|x64.Build.0 = Release|Any CPU
		{A095D328-1E00-4A4C-87A8-E93585BC3743}.Release|x86.ActiveCfg = Release|Any CPU
		{A095D328-1E00-4A4C-87A8-E93585BC3743}.Release|x86.Build.0 = Release|Any CPU
		{342C6EA6-2723-4C59-B8EC-2C5D06E92910}.Debug|Any CPU.ActiveCfg = Debug|Any CPU
		{342C6EA6-2723-4C59-B8EC-2C5D06E92910}.Debug|Any CPU.Build.0 = Debug|Any CPU
		{342C6EA6-2723-4C59-B8EC-2C5D06E92910}.Debug|x64.ActiveCfg = Debug|Any CPU
		{342C6EA6-2723-4C59-B8EC-2C5D06E92910}.Debug|x64.Build.0 = Debug|Any CPU
		{342C6EA6-2723-4C59-B8EC-2C5D06E92910}.Debug|x86.ActiveCfg = Debug|Any CPU
		{342C6EA6-2723-4C59-B8EC-2C5D06E92910}.Debug|x86.Build.0 = Debug|Any CPU
		{342C6EA6-2723-4C59-B8EC-2C5D06E92910}.Release|Any CPU.ActiveCfg = Release|Any CPU
		{342C6EA6-2723-4C59-B8EC-2C5D06E92910}.Release|Any CPU.Build.0 = Release|Any CPU
		{342C6EA6-2723-4C59-B8EC-2C5D06E92910}.Release|x64.ActiveCfg = Release|Any CPU
		{342C6EA6-2723-4C59-B8EC-2C5D06E92910}.Release|x64.Build.0 = Release|Any CPU
		{342C6EA6-2723-4C59-B8EC-2C5D06E92910}.Release|x86.ActiveCfg = Release|Any CPU
		{342C6EA6-2723-4C59-B8EC-2C5D06E92910}.Release|x86.Build.0 = Release|Any CPU
		{1FD2AD9B-31E5-4D79-869D-6EA86C634A4D}.Debug|Any CPU.ActiveCfg = Debug|Any CPU
		{1FD2AD9B-31E5-4D79-869D-6EA86C634A4D}.Debug|Any CPU.Build.0 = Debug|Any CPU
		{1FD2AD9B-31E5-4D79-869D-6EA86C634A4D}.Debug|x64.ActiveCfg = Debug|Any CPU
		{1FD2AD9B-31E5-4D79-869D-6EA86C634A4D}.Debug|x64.Build.0 = Debug|Any CPU
		{1FD2AD9B-31E5-4D79-869D-6EA86C634A4D}.Debug|x86.ActiveCfg = Debug|Any CPU
		{1FD2AD9B-31E5-4D79-869D-6EA86C634A4D}.Debug|x86.Build.0 = Debug|Any CPU
		{1FD2AD9B-31E5-4D79-869D-6EA86C634A4D}.Release|Any CPU.ActiveCfg = Release|Any CPU
		{1FD2AD9B-31E5-4D79-869D-6EA86C634A4D}.Release|Any CPU.Build.0 = Release|Any CPU
		{1FD2AD9B-31E5-4D79-869D-6EA86C634A4D}.Release|x64.ActiveCfg = Release|Any CPU
		{1FD2AD9B-31E5-4D79-869D-6EA86C634A4D}.Release|x64.Build.0 = Release|Any CPU
		{1FD2AD9B-31E5-4D79-869D-6EA86C634A4D}.Release|x86.ActiveCfg = Release|Any CPU
		{1FD2AD9B-31E5-4D79-869D-6EA86C634A4D}.Release|x86.Build.0 = Release|Any CPU
		{D139F949-6048-44D7-A225-E9CF9CA33814}.Debug|Any CPU.ActiveCfg = Debug|Any CPU
		{D139F949-6048-44D7-A225-E9CF9CA33814}.Debug|Any CPU.Build.0 = Debug|Any CPU
		{D139F949-6048-44D7-A225-E9CF9CA33814}.Debug|x64.ActiveCfg = Debug|Any CPU
		{D139F949-6048-44D7-A225-E9CF9CA33814}.Debug|x64.Build.0 = Debug|Any CPU
		{D139F949-6048-44D7-A225-E9CF9CA33814}.Debug|x86.ActiveCfg = Debug|Any CPU
		{D139F949-6048-44D7-A225-E9CF9CA33814}.Debug|x86.Build.0 = Debug|Any CPU
		{D139F949-6048-44D7-A225-E9CF9CA33814}.Release|Any CPU.ActiveCfg = Release|Any CPU
		{D139F949-6048-44D7-A225-E9CF9CA33814}.Release|Any CPU.Build.0 = Release|Any CPU
		{D139F949-6048-44D7-A225-E9CF9CA33814}.Release|x64.ActiveCfg = Release|Any CPU
		{D139F949-6048-44D7-A225-E9CF9CA33814}.Release|x64.Build.0 = Release|Any CPU
		{D139F949-6048-44D7-A225-E9CF9CA33814}.Release|x86.ActiveCfg = Release|Any CPU
		{D139F949-6048-44D7-A225-E9CF9CA33814}.Release|x86.Build.0 = Release|Any CPU
		{1D315BA6-E9DA-41B3-9083-F154C08FCC49}.Debug|Any CPU.ActiveCfg = Debug|Any CPU
		{1D315BA6-E9DA-41B3-9083-F154C08FCC49}.Debug|Any CPU.Build.0 = Debug|Any CPU
		{1D315BA6-E9DA-41B3-9083-F154C08FCC49}.Debug|x64.ActiveCfg = Debug|Any CPU
		{1D315BA6-E9DA-41B3-9083-F154C08FCC49}.Debug|x64.Build.0 = Debug|Any CPU
		{1D315BA6-E9DA-41B3-9083-F154C08FCC49}.Debug|x86.ActiveCfg = Debug|Any CPU
		{1D315BA6-E9DA-41B3-9083-F154C08FCC49}.Debug|x86.Build.0 = Debug|Any CPU
		{1D315BA6-E9DA-41B3-9083-F154C08FCC49}.Release|Any CPU.ActiveCfg = Release|Any CPU
		{1D315BA6-E9DA-41B3-9083-F154C08FCC49}.Release|Any CPU.Build.0 = Release|Any CPU
		{1D315BA6-E9DA-41B3-9083-F154C08FCC49}.Release|x64.ActiveCfg = Release|Any CPU
		{1D315BA6-E9DA-41B3-9083-F154C08FCC49}.Release|x64.Build.0 = Release|Any CPU
		{1D315BA6-E9DA-41B3-9083-F154C08FCC49}.Release|x86.ActiveCfg = Release|Any CPU
		{1D315BA6-E9DA-41B3-9083-F154C08FCC49}.Release|x86.Build.0 = Release|Any CPU
		{D2016742-96FB-46A4-9009-8878906D8C1A}.Debug|Any CPU.ActiveCfg = Debug|Any CPU
		{D2016742-96FB-46A4-9009-8878906D8C1A}.Debug|Any CPU.Build.0 = Debug|Any CPU
		{D2016742-96FB-46A4-9009-8878906D8C1A}.Debug|x64.ActiveCfg = Debug|Any CPU
		{D2016742-96FB-46A4-9009-8878906D8C1A}.Debug|x64.Build.0 = Debug|Any CPU
		{D2016742-96FB-46A4-9009-8878906D8C1A}.Debug|x86.ActiveCfg = Debug|Any CPU
		{D2016742-96FB-46A4-9009-8878906D8C1A}.Debug|x86.Build.0 = Debug|Any CPU
		{D2016742-96FB-46A4-9009-8878906D8C1A}.Release|Any CPU.ActiveCfg = Release|Any CPU
		{D2016742-96FB-46A4-9009-8878906D8C1A}.Release|Any CPU.Build.0 = Release|Any CPU
		{D2016742-96FB-46A4-9009-8878906D8C1A}.Release|x64.ActiveCfg = Release|Any CPU
		{D2016742-96FB-46A4-9009-8878906D8C1A}.Release|x64.Build.0 = Release|Any CPU
		{D2016742-96FB-46A4-9009-8878906D8C1A}.Release|x86.ActiveCfg = Release|Any CPU
		{D2016742-96FB-46A4-9009-8878906D8C1A}.Release|x86.Build.0 = Release|Any CPU
		{24601F4D-DA7F-473A-B8EF-61BF575793D8}.Debug|Any CPU.ActiveCfg = Debug|Any CPU
		{24601F4D-DA7F-473A-B8EF-61BF575793D8}.Debug|Any CPU.Build.0 = Debug|Any CPU
		{24601F4D-DA7F-473A-B8EF-61BF575793D8}.Debug|x64.ActiveCfg = Debug|Any CPU
		{24601F4D-DA7F-473A-B8EF-61BF575793D8}.Debug|x64.Build.0 = Debug|Any CPU
		{24601F4D-DA7F-473A-B8EF-61BF575793D8}.Debug|x86.ActiveCfg = Debug|Any CPU
		{24601F4D-DA7F-473A-B8EF-61BF575793D8}.Debug|x86.Build.0 = Debug|Any CPU
		{24601F4D-DA7F-473A-B8EF-61BF575793D8}.Release|Any CPU.ActiveCfg = Release|Any CPU
		{24601F4D-DA7F-473A-B8EF-61BF575793D8}.Release|Any CPU.Build.0 = Release|Any CPU
		{24601F4D-DA7F-473A-B8EF-61BF575793D8}.Release|x64.ActiveCfg = Release|Any CPU
		{24601F4D-DA7F-473A-B8EF-61BF575793D8}.Release|x64.Build.0 = Release|Any CPU
		{24601F4D-DA7F-473A-B8EF-61BF575793D8}.Release|x86.ActiveCfg = Release|Any CPU
		{24601F4D-DA7F-473A-B8EF-61BF575793D8}.Release|x86.Build.0 = Release|Any CPU
		{39E1701F-BD7B-4702-94BC-01C36E834217}.Debug|Any CPU.ActiveCfg = Debug|Any CPU
		{39E1701F-BD7B-4702-94BC-01C36E834217}.Debug|Any CPU.Build.0 = Debug|Any CPU
		{39E1701F-BD7B-4702-94BC-01C36E834217}.Debug|x64.ActiveCfg = Debug|Any CPU
		{39E1701F-BD7B-4702-94BC-01C36E834217}.Debug|x64.Build.0 = Debug|Any CPU
		{39E1701F-BD7B-4702-94BC-01C36E834217}.Debug|x86.ActiveCfg = Debug|Any CPU
		{39E1701F-BD7B-4702-94BC-01C36E834217}.Debug|x86.Build.0 = Debug|Any CPU
		{39E1701F-BD7B-4702-94BC-01C36E834217}.Release|Any CPU.ActiveCfg = Release|Any CPU
		{39E1701F-BD7B-4702-94BC-01C36E834217}.Release|Any CPU.Build.0 = Release|Any CPU
		{39E1701F-BD7B-4702-94BC-01C36E834217}.Release|x64.ActiveCfg = Release|Any CPU
		{39E1701F-BD7B-4702-94BC-01C36E834217}.Release|x64.Build.0 = Release|Any CPU
		{39E1701F-BD7B-4702-94BC-01C36E834217}.Release|x86.ActiveCfg = Release|Any CPU
		{39E1701F-BD7B-4702-94BC-01C36E834217}.Release|x86.Build.0 = Release|Any CPU
		{DC21CD5F-2883-4BC2-BFE9-9A2E7915DFCD}.Debug|Any CPU.ActiveCfg = Debug|Any CPU
		{DC21CD5F-2883-4BC2-BFE9-9A2E7915DFCD}.Debug|Any CPU.Build.0 = Debug|Any CPU
		{DC21CD5F-2883-4BC2-BFE9-9A2E7915DFCD}.Debug|x64.ActiveCfg = Debug|Any CPU
		{DC21CD5F-2883-4BC2-BFE9-9A2E7915DFCD}.Debug|x64.Build.0 = Debug|Any CPU
		{DC21CD5F-2883-4BC2-BFE9-9A2E7915DFCD}.Debug|x86.ActiveCfg = Debug|Any CPU
		{DC21CD5F-2883-4BC2-BFE9-9A2E7915DFCD}.Debug|x86.Build.0 = Debug|Any CPU
		{DC21CD5F-2883-4BC2-BFE9-9A2E7915DFCD}.Release|Any CPU.ActiveCfg = Release|Any CPU
		{DC21CD5F-2883-4BC2-BFE9-9A2E7915DFCD}.Release|Any CPU.Build.0 = Release|Any CPU
		{DC21CD5F-2883-4BC2-BFE9-9A2E7915DFCD}.Release|x64.ActiveCfg = Release|Any CPU
		{DC21CD5F-2883-4BC2-BFE9-9A2E7915DFCD}.Release|x64.Build.0 = Release|Any CPU
		{DC21CD5F-2883-4BC2-BFE9-9A2E7915DFCD}.Release|x86.ActiveCfg = Release|Any CPU
		{DC21CD5F-2883-4BC2-BFE9-9A2E7915DFCD}.Release|x86.Build.0 = Release|Any CPU
		{C01223A4-462C-4F54-B236-8A0B00B3AC72}.Debug|Any CPU.ActiveCfg = Debug|Any CPU
		{C01223A4-462C-4F54-B236-8A0B00B3AC72}.Debug|Any CPU.Build.0 = Debug|Any CPU
		{C01223A4-462C-4F54-B236-8A0B00B3AC72}.Debug|x64.ActiveCfg = Debug|Any CPU
		{C01223A4-462C-4F54-B236-8A0B00B3AC72}.Debug|x64.Build.0 = Debug|Any CPU
		{C01223A4-462C-4F54-B236-8A0B00B3AC72}.Debug|x86.ActiveCfg = Debug|Any CPU
		{C01223A4-462C-4F54-B236-8A0B00B3AC72}.Debug|x86.Build.0 = Debug|Any CPU
		{C01223A4-462C-4F54-B236-8A0B00B3AC72}.Release|Any CPU.ActiveCfg = Release|Any CPU
		{C01223A4-462C-4F54-B236-8A0B00B3AC72}.Release|Any CPU.Build.0 = Release|Any CPU
		{C01223A4-462C-4F54-B236-8A0B00B3AC72}.Release|x64.ActiveCfg = Release|Any CPU
		{C01223A4-462C-4F54-B236-8A0B00B3AC72}.Release|x64.Build.0 = Release|Any CPU
		{C01223A4-462C-4F54-B236-8A0B00B3AC72}.Release|x86.ActiveCfg = Release|Any CPU
		{C01223A4-462C-4F54-B236-8A0B00B3AC72}.Release|x86.Build.0 = Release|Any CPU
		{AB19D46B-E61E-4659-BBF8-58057B8515F3}.Debug|Any CPU.ActiveCfg = Debug|Any CPU
		{AB19D46B-E61E-4659-BBF8-58057B8515F3}.Debug|Any CPU.Build.0 = Debug|Any CPU
		{AB19D46B-E61E-4659-BBF8-58057B8515F3}.Debug|x64.ActiveCfg = Debug|Any CPU
		{AB19D46B-E61E-4659-BBF8-58057B8515F3}.Debug|x64.Build.0 = Debug|Any CPU
		{AB19D46B-E61E-4659-BBF8-58057B8515F3}.Debug|x86.ActiveCfg = Debug|Any CPU
		{AB19D46B-E61E-4659-BBF8-58057B8515F3}.Debug|x86.Build.0 = Debug|Any CPU
		{AB19D46B-E61E-4659-BBF8-58057B8515F3}.Release|Any CPU.ActiveCfg = Release|Any CPU
		{AB19D46B-E61E-4659-BBF8-58057B8515F3}.Release|Any CPU.Build.0 = Release|Any CPU
		{AB19D46B-E61E-4659-BBF8-58057B8515F3}.Release|x64.ActiveCfg = Release|Any CPU
		{AB19D46B-E61E-4659-BBF8-58057B8515F3}.Release|x64.Build.0 = Release|Any CPU
		{AB19D46B-E61E-4659-BBF8-58057B8515F3}.Release|x86.ActiveCfg = Release|Any CPU
		{AB19D46B-E61E-4659-BBF8-58057B8515F3}.Release|x86.Build.0 = Release|Any CPU
		{93BB3E28-32F2-43CC-9031-076E6F1526EC}.Debug|Any CPU.ActiveCfg = Debug|Any CPU
		{93BB3E28-32F2-43CC-9031-076E6F1526EC}.Debug|Any CPU.Build.0 = Debug|Any CPU
		{93BB3E28-32F2-43CC-9031-076E6F1526EC}.Debug|x64.ActiveCfg = Debug|Any CPU
		{93BB3E28-32F2-43CC-9031-076E6F1526EC}.Debug|x64.Build.0 = Debug|Any CPU
		{93BB3E28-32F2-43CC-9031-076E6F1526EC}.Debug|x86.ActiveCfg = Debug|Any CPU
		{93BB3E28-32F2-43CC-9031-076E6F1526EC}.Debug|x86.Build.0 = Debug|Any CPU
		{93BB3E28-32F2-43CC-9031-076E6F1526EC}.Release|Any CPU.ActiveCfg = Release|Any CPU
		{93BB3E28-32F2-43CC-9031-076E6F1526EC}.Release|Any CPU.Build.0 = Release|Any CPU
		{93BB3E28-32F2-43CC-9031-076E6F1526EC}.Release|x64.ActiveCfg = Release|Any CPU
		{93BB3E28-32F2-43CC-9031-076E6F1526EC}.Release|x64.Build.0 = Release|Any CPU
		{93BB3E28-32F2-43CC-9031-076E6F1526EC}.Release|x86.ActiveCfg = Release|Any CPU
		{93BB3E28-32F2-43CC-9031-076E6F1526EC}.Release|x86.Build.0 = Release|Any CPU
		{B3B9A1F3-59EA-4C2B-8DAD-AF6E7919AC08}.Debug|Any CPU.ActiveCfg = Debug|Any CPU
		{B3B9A1F3-59EA-4C2B-8DAD-AF6E7919AC08}.Debug|Any CPU.Build.0 = Debug|Any CPU
		{B3B9A1F3-59EA-4C2B-8DAD-AF6E7919AC08}.Debug|x64.ActiveCfg = Debug|Any CPU
		{B3B9A1F3-59EA-4C2B-8DAD-AF6E7919AC08}.Debug|x64.Build.0 = Debug|Any CPU
		{B3B9A1F3-59EA-4C2B-8DAD-AF6E7919AC08}.Debug|x86.ActiveCfg = Debug|Any CPU
		{B3B9A1F3-59EA-4C2B-8DAD-AF6E7919AC08}.Debug|x86.Build.0 = Debug|Any CPU
		{B3B9A1F3-59EA-4C2B-8DAD-AF6E7919AC08}.Release|Any CPU.ActiveCfg = Release|Any CPU
		{B3B9A1F3-59EA-4C2B-8DAD-AF6E7919AC08}.Release|Any CPU.Build.0 = Release|Any CPU
		{B3B9A1F3-59EA-4C2B-8DAD-AF6E7919AC08}.Release|x64.ActiveCfg = Release|Any CPU
		{B3B9A1F3-59EA-4C2B-8DAD-AF6E7919AC08}.Release|x64.Build.0 = Release|Any CPU
		{B3B9A1F3-59EA-4C2B-8DAD-AF6E7919AC08}.Release|x86.ActiveCfg = Release|Any CPU
		{B3B9A1F3-59EA-4C2B-8DAD-AF6E7919AC08}.Release|x86.Build.0 = Release|Any CPU
		{38113B70-1456-4896-A8E3-140820A80AB1}.Debug|Any CPU.ActiveCfg = Debug|Any CPU
		{38113B70-1456-4896-A8E3-140820A80AB1}.Debug|Any CPU.Build.0 = Debug|Any CPU
		{38113B70-1456-4896-A8E3-140820A80AB1}.Debug|x64.ActiveCfg = Debug|Any CPU
		{38113B70-1456-4896-A8E3-140820A80AB1}.Debug|x64.Build.0 = Debug|Any CPU
		{38113B70-1456-4896-A8E3-140820A80AB1}.Debug|x86.ActiveCfg = Debug|Any CPU
		{38113B70-1456-4896-A8E3-140820A80AB1}.Debug|x86.Build.0 = Debug|Any CPU
		{38113B70-1456-4896-A8E3-140820A80AB1}.Release|Any CPU.ActiveCfg = Release|Any CPU
		{38113B70-1456-4896-A8E3-140820A80AB1}.Release|Any CPU.Build.0 = Release|Any CPU
		{38113B70-1456-4896-A8E3-140820A80AB1}.Release|x64.ActiveCfg = Release|Any CPU
		{38113B70-1456-4896-A8E3-140820A80AB1}.Release|x64.Build.0 = Release|Any CPU
		{38113B70-1456-4896-A8E3-140820A80AB1}.Release|x86.ActiveCfg = Release|Any CPU
		{38113B70-1456-4896-A8E3-140820A80AB1}.Release|x86.Build.0 = Release|Any CPU
		{D288EF51-5D9E-4F2F-9926-A2A42D46B3B1}.Debug|Any CPU.ActiveCfg = Debug|Any CPU
		{D288EF51-5D9E-4F2F-9926-A2A42D46B3B1}.Debug|Any CPU.Build.0 = Debug|Any CPU
		{D288EF51-5D9E-4F2F-9926-A2A42D46B3B1}.Debug|x64.ActiveCfg = Debug|Any CPU
		{D288EF51-5D9E-4F2F-9926-A2A42D46B3B1}.Debug|x64.Build.0 = Debug|Any CPU
		{D288EF51-5D9E-4F2F-9926-A2A42D46B3B1}.Debug|x86.ActiveCfg = Debug|Any CPU
		{D288EF51-5D9E-4F2F-9926-A2A42D46B3B1}.Debug|x86.Build.0 = Debug|Any CPU
		{D288EF51-5D9E-4F2F-9926-A2A42D46B3B1}.Release|Any CPU.ActiveCfg = Release|Any CPU
		{D288EF51-5D9E-4F2F-9926-A2A42D46B3B1}.Release|Any CPU.Build.0 = Release|Any CPU
		{D288EF51-5D9E-4F2F-9926-A2A42D46B3B1}.Release|x64.ActiveCfg = Release|Any CPU
		{D288EF51-5D9E-4F2F-9926-A2A42D46B3B1}.Release|x64.Build.0 = Release|Any CPU
		{D288EF51-5D9E-4F2F-9926-A2A42D46B3B1}.Release|x86.ActiveCfg = Release|Any CPU
		{D288EF51-5D9E-4F2F-9926-A2A42D46B3B1}.Release|x86.Build.0 = Release|Any CPU
		{5DCC226D-D994-4BE6-8CE9-4F5B2ADB9EF6}.Debug|Any CPU.ActiveCfg = Debug|Any CPU
		{5DCC226D-D994-4BE6-8CE9-4F5B2ADB9EF6}.Debug|Any CPU.Build.0 = Debug|Any CPU
		{5DCC226D-D994-4BE6-8CE9-4F5B2ADB9EF6}.Debug|x64.ActiveCfg = Debug|Any CPU
		{5DCC226D-D994-4BE6-8CE9-4F5B2ADB9EF6}.Debug|x64.Build.0 = Debug|Any CPU
		{5DCC226D-D994-4BE6-8CE9-4F5B2ADB9EF6}.Debug|x86.ActiveCfg = Debug|Any CPU
		{5DCC226D-D994-4BE6-8CE9-4F5B2ADB9EF6}.Debug|x86.Build.0 = Debug|Any CPU
		{5DCC226D-D994-4BE6-8CE9-4F5B2ADB9EF6}.Release|Any CPU.ActiveCfg = Release|Any CPU
		{5DCC226D-D994-4BE6-8CE9-4F5B2ADB9EF6}.Release|Any CPU.Build.0 = Release|Any CPU
		{5DCC226D-D994-4BE6-8CE9-4F5B2ADB9EF6}.Release|x64.ActiveCfg = Release|Any CPU
		{5DCC226D-D994-4BE6-8CE9-4F5B2ADB9EF6}.Release|x64.Build.0 = Release|Any CPU
		{5DCC226D-D994-4BE6-8CE9-4F5B2ADB9EF6}.Release|x86.ActiveCfg = Release|Any CPU
		{5DCC226D-D994-4BE6-8CE9-4F5B2ADB9EF6}.Release|x86.Build.0 = Release|Any CPU
		{9A002E5D-3D45-444F-9001-211A96D587B1}.Debug|Any CPU.ActiveCfg = Debug|Any CPU
		{9A002E5D-3D45-444F-9001-211A96D587B1}.Debug|Any CPU.Build.0 = Debug|Any CPU
		{9A002E5D-3D45-444F-9001-211A96D587B1}.Debug|x64.ActiveCfg = Debug|Any CPU
		{9A002E5D-3D45-444F-9001-211A96D587B1}.Debug|x64.Build.0 = Debug|Any CPU
		{9A002E5D-3D45-444F-9001-211A96D587B1}.Debug|x86.ActiveCfg = Debug|Any CPU
		{9A002E5D-3D45-444F-9001-211A96D587B1}.Debug|x86.Build.0 = Debug|Any CPU
		{9A002E5D-3D45-444F-9001-211A96D587B1}.Release|Any CPU.ActiveCfg = Release|Any CPU
		{9A002E5D-3D45-444F-9001-211A96D587B1}.Release|Any CPU.Build.0 = Release|Any CPU
		{9A002E5D-3D45-444F-9001-211A96D587B1}.Release|x64.ActiveCfg = Release|Any CPU
		{9A002E5D-3D45-444F-9001-211A96D587B1}.Release|x64.Build.0 = Release|Any CPU
		{9A002E5D-3D45-444F-9001-211A96D587B1}.Release|x86.ActiveCfg = Release|Any CPU
		{9A002E5D-3D45-444F-9001-211A96D587B1}.Release|x86.Build.0 = Release|Any CPU
		{E7FBC216-F8C7-49AB-93F2-3177B1D07D74}.Debug|Any CPU.ActiveCfg = Debug|Any CPU
		{E7FBC216-F8C7-49AB-93F2-3177B1D07D74}.Debug|Any CPU.Build.0 = Debug|Any CPU
		{E7FBC216-F8C7-49AB-93F2-3177B1D07D74}.Debug|x64.ActiveCfg = Debug|Any CPU
		{E7FBC216-F8C7-49AB-93F2-3177B1D07D74}.Debug|x64.Build.0 = Debug|Any CPU
		{E7FBC216-F8C7-49AB-93F2-3177B1D07D74}.Debug|x86.ActiveCfg = Debug|Any CPU
		{E7FBC216-F8C7-49AB-93F2-3177B1D07D74}.Debug|x86.Build.0 = Debug|Any CPU
		{E7FBC216-F8C7-49AB-93F2-3177B1D07D74}.Release|Any CPU.ActiveCfg = Release|Any CPU
		{E7FBC216-F8C7-49AB-93F2-3177B1D07D74}.Release|Any CPU.Build.0 = Release|Any CPU
		{E7FBC216-F8C7-49AB-93F2-3177B1D07D74}.Release|x64.ActiveCfg = Release|Any CPU
		{E7FBC216-F8C7-49AB-93F2-3177B1D07D74}.Release|x64.Build.0 = Release|Any CPU
		{E7FBC216-F8C7-49AB-93F2-3177B1D07D74}.Release|x86.ActiveCfg = Release|Any CPU
		{E7FBC216-F8C7-49AB-93F2-3177B1D07D74}.Release|x86.Build.0 = Release|Any CPU
		{75BC2638-3626-4AAB-8FC1-2865456F50DD}.Debug|Any CPU.ActiveCfg = Debug|Any CPU
		{75BC2638-3626-4AAB-8FC1-2865456F50DD}.Debug|Any CPU.Build.0 = Debug|Any CPU
		{75BC2638-3626-4AAB-8FC1-2865456F50DD}.Debug|x64.ActiveCfg = Debug|Any CPU
		{75BC2638-3626-4AAB-8FC1-2865456F50DD}.Debug|x64.Build.0 = Debug|Any CPU
		{75BC2638-3626-4AAB-8FC1-2865456F50DD}.Debug|x86.ActiveCfg = Debug|Any CPU
		{75BC2638-3626-4AAB-8FC1-2865456F50DD}.Debug|x86.Build.0 = Debug|Any CPU
		{75BC2638-3626-4AAB-8FC1-2865456F50DD}.Release|Any CPU.ActiveCfg = Release|Any CPU
		{75BC2638-3626-4AAB-8FC1-2865456F50DD}.Release|Any CPU.Build.0 = Release|Any CPU
		{75BC2638-3626-4AAB-8FC1-2865456F50DD}.Release|x64.ActiveCfg = Release|Any CPU
		{75BC2638-3626-4AAB-8FC1-2865456F50DD}.Release|x64.Build.0 = Release|Any CPU
		{75BC2638-3626-4AAB-8FC1-2865456F50DD}.Release|x86.ActiveCfg = Release|Any CPU
		{75BC2638-3626-4AAB-8FC1-2865456F50DD}.Release|x86.Build.0 = Release|Any CPU
		{BB5EA7B4-A721-4384-80E9-45810D9CE934}.Debug|Any CPU.ActiveCfg = Debug|Any CPU
		{BB5EA7B4-A721-4384-80E9-45810D9CE934}.Debug|Any CPU.Build.0 = Debug|Any CPU
		{BB5EA7B4-A721-4384-80E9-45810D9CE934}.Debug|x64.ActiveCfg = Debug|Any CPU
		{BB5EA7B4-A721-4384-80E9-45810D9CE934}.Debug|x64.Build.0 = Debug|Any CPU
		{BB5EA7B4-A721-4384-80E9-45810D9CE934}.Debug|x86.ActiveCfg = Debug|Any CPU
		{BB5EA7B4-A721-4384-80E9-45810D9CE934}.Debug|x86.Build.0 = Debug|Any CPU
		{BB5EA7B4-A721-4384-80E9-45810D9CE934}.Release|Any CPU.ActiveCfg = Release|Any CPU
		{BB5EA7B4-A721-4384-80E9-45810D9CE934}.Release|Any CPU.Build.0 = Release|Any CPU
		{BB5EA7B4-A721-4384-80E9-45810D9CE934}.Release|x64.ActiveCfg = Release|Any CPU
		{BB5EA7B4-A721-4384-80E9-45810D9CE934}.Release|x64.Build.0 = Release|Any CPU
		{BB5EA7B4-A721-4384-80E9-45810D9CE934}.Release|x86.ActiveCfg = Release|Any CPU
		{BB5EA7B4-A721-4384-80E9-45810D9CE934}.Release|x86.Build.0 = Release|Any CPU
		{DDB470CD-D79A-4248-BAC9-0756B5E0E195}.Debug|Any CPU.ActiveCfg = Debug|Any CPU
		{DDB470CD-D79A-4248-BAC9-0756B5E0E195}.Debug|Any CPU.Build.0 = Debug|Any CPU
		{DDB470CD-D79A-4248-BAC9-0756B5E0E195}.Debug|x64.ActiveCfg = Debug|Any CPU
		{DDB470CD-D79A-4248-BAC9-0756B5E0E195}.Debug|x64.Build.0 = Debug|Any CPU
		{DDB470CD-D79A-4248-BAC9-0756B5E0E195}.Debug|x86.ActiveCfg = Debug|Any CPU
		{DDB470CD-D79A-4248-BAC9-0756B5E0E195}.Debug|x86.Build.0 = Debug|Any CPU
		{DDB470CD-D79A-4248-BAC9-0756B5E0E195}.Release|Any CPU.ActiveCfg = Release|Any CPU
		{DDB470CD-D79A-4248-BAC9-0756B5E0E195}.Release|Any CPU.Build.0 = Release|Any CPU
		{DDB470CD-D79A-4248-BAC9-0756B5E0E195}.Release|x64.ActiveCfg = Release|Any CPU
		{DDB470CD-D79A-4248-BAC9-0756B5E0E195}.Release|x64.Build.0 = Release|Any CPU
		{DDB470CD-D79A-4248-BAC9-0756B5E0E195}.Release|x86.ActiveCfg = Release|Any CPU
		{DDB470CD-D79A-4248-BAC9-0756B5E0E195}.Release|x86.Build.0 = Release|Any CPU
	EndGlobalSection
	GlobalSection(SolutionProperties) = preSolution
		HideSolutionNode = FALSE
	EndGlobalSection
	GlobalSection(NestedProjects) = preSolution
		{5A5DD699-1BBB-40B6-A9FB-8B2269A9A74D} = {121B974B-9C00-47EC-8961-469C6E1596EB}
		{E313F870-A3F7-44CA-A02D-E2FD74B77D51} = {121B974B-9C00-47EC-8961-469C6E1596EB}
		{59B65D9A-7010-4AD1-9F5E-616704CF7E88} = {121B974B-9C00-47EC-8961-469C6E1596EB}
		{D2A63D9B-B100-4FBF-93AC-7EF92D598286} = {121B974B-9C00-47EC-8961-469C6E1596EB}
		{5A453523-162D-4FFE-897E-278A17882559} = {121B974B-9C00-47EC-8961-469C6E1596EB}
		{A095D328-1E00-4A4C-87A8-E93585BC3743} = {8519937F-6A2B-4441-9591-06640B035553}
		{342C6EA6-2723-4C59-B8EC-2C5D06E92910} = {8519937F-6A2B-4441-9591-06640B035553}
		{1FD2AD9B-31E5-4D79-869D-6EA86C634A4D} = {8519937F-6A2B-4441-9591-06640B035553}
		{D139F949-6048-44D7-A225-E9CF9CA33814} = {8519937F-6A2B-4441-9591-06640B035553}
		{1D315BA6-E9DA-41B3-9083-F154C08FCC49} = {8519937F-6A2B-4441-9591-06640B035553}
		{D2016742-96FB-46A4-9009-8878906D8C1A} = {8519937F-6A2B-4441-9591-06640B035553}
		{24601F4D-DA7F-473A-B8EF-61BF575793D8} = {8519937F-6A2B-4441-9591-06640B035553}
		{39E1701F-BD7B-4702-94BC-01C36E834217} = {7FB7646D-4138-FB10-37A1-8D15C194EAE0}
		{DC21CD5F-2883-4BC2-BFE9-9A2E7915DFCD} = {7FB7646D-4138-FB10-37A1-8D15C194EAE0}
		{C01223A4-462C-4F54-B236-8A0B00B3AC72} = {7FB7646D-4138-FB10-37A1-8D15C194EAE0}
		{AB19D46B-E61E-4659-BBF8-58057B8515F3} = {7FB7646D-4138-FB10-37A1-8D15C194EAE0}
		{93BB3E28-32F2-43CC-9031-076E6F1526EC} = {7FB7646D-4138-FB10-37A1-8D15C194EAE0}
		{B3B9A1F3-59EA-4C2B-8DAD-AF6E7919AC08} = {8519937F-6A2B-4441-9591-06640B035553}
		{38113B70-1456-4896-A8E3-140820A80AB1} = {8519937F-6A2B-4441-9591-06640B035553}
		{D288EF51-5D9E-4F2F-9926-A2A42D46B3B1} = {8519937F-6A2B-4441-9591-06640B035553}
		{5DCC226D-D994-4BE6-8CE9-4F5B2ADB9EF6} = {8519937F-6A2B-4441-9591-06640B035553}
		{9A002E5D-3D45-444F-9001-211A96D587B1} = {50761A8C-3A0B-6B1B-86AD-17AC9E1B806D}
		{E7FBC216-F8C7-49AB-93F2-3177B1D07D74} = {50761A8C-3A0B-6B1B-86AD-17AC9E1B806D}
		{75BC2638-3626-4AAB-8FC1-2865456F50DD} = {50761A8C-3A0B-6B1B-86AD-17AC9E1B806D}
		{BB5EA7B4-A721-4384-80E9-45810D9CE934} = {50761A8C-3A0B-6B1B-86AD-17AC9E1B806D}
		{DDB470CD-D79A-4248-BAC9-0756B5E0E195} = {50761A8C-3A0B-6B1B-86AD-17AC9E1B806D}
	EndGlobalSection
EndGlobal
