
Microsoft Visual Studio Solution File, Format Version 12.00
Project("{2150E333-8FDC-42A3-9474-1A3956D46DE8}") = "Orders", "Orders", "{121B974B-9C00-47EC-8961-469C6E1596EB}"
EndProject
Project("{FAE04EC0-301F-11D3-BF4B-00C04F79EFBC}") = "ST.DotNetSolutionKit.Samples.Orders", "ST.DotNetSolutionKit.Samples.Orders\ST.DotNetSolutionKit.Samples.Orders\ST.DotNetSolutionKit.Samples.Orders.csproj", "{5A5DD699-1BBB-40B6-A9FB-8B2269A9A74D}"
EndProject
Project("{FAE04EC0-301F-11D3-BF4B-00C04F79EFBC}") = "ST.DotNetSolutionKit.Samples.Orders.Application", "ST.DotNetSolutionKit.Samples.Orders\ST.DotNetSolutionKit.Samples.Orders.Application\ST.DotNetSolutionKit.Samples.Orders.Application.csproj", "{E313F870-A3F7-44CA-A02D-E2FD74B77D51}"
EndProject
Project("{FAE04EC0-301F-11D3-BF4B-00C04F79EFBC}") = "ST.DotNetSolutionKit.Samples.Orders.Infrastructure", "ST.DotNetSolutionKit.Samples.Orders\ST.DotNetSolutionKit.Samples.Orders.Infrastructure\ST.DotNetSolutionKit.Samples.Orders.Infrastructure.csproj", "{59B65D9A-7010-4AD1-9F5E-616704CF7E88}"
EndProject
Project("{FAE04EC0-301F-11D3-BF4B-00C04F79EFBC}") = "ST.DotNetSolutionKit.Samples.Orders.Tests", "ST.DotNetSolutionKit.Samples.Orders\ST.DotNetSolutionKit.Samples.Orders.Tests\ST.DotNetSolutionKit.Samples.Orders.Tests.csproj", "{D2A63D9B-B100-4FBF-93AC-7EF92D598286}"
EndProject
Project("{FAE04EC0-301F-11D3-BF4B-00C04F79EFBC}") = "ST.DotNetSolutionKit.Samples.Orders.API", "ST.DotNetSolutionKit.Samples.Orders\ST.DotNetSolutionKit.Samples.Orders.API\ST.DotNetSolutionKit.Samples.Orders.API.csproj", "{5A453523-162D-4FFE-897E-278A17882559}"
EndProject
Project("{2150E333-8FDC-42A3-9474-1A3956D46DE8}") = "Common", "Common", "{8519937F-6A2B-4441-9591-06640B035553}"
EndProject
Project("{FAE04EC0-301F-11D3-BF4B-00C04F79EFBC}") = "ST.DotNetSolutionKit.Samples.Common.Web", "..\common\ST.DotNetSolutionKit.Samples.Common.Web\ST.DotNetSolutionKit.Samples.Common.Web.csproj", "{A095D328-1E00-4A4C-87A8-E93585BC3743}"
EndProject
Project("{FAE04EC0-301F-11D3-BF4B-00C04F79EFBC}") = "ST.DotNetSolutionKit.Samples.Common", "..\common\ST.DotNetSolutionKit.Samples.Common\ST.DotNetSolutionKit.Samples.Common.csproj", "{342C6EA6-2723-4C59-B8EC-2C5D06E92910}"
EndProject
Project("{FAE04EC0-301F-11D3-BF4B-00C04F79EFBC}") = "ST.DotNetSolutionKit.Samples.Common.Application", "..\common\ST.DotNetSolutionKit.Samples.Common.Application\ST.DotNetSolutionKit.Samples.Common.Application.csproj", "{1FD2AD9B-31E5-4D79-869D-6EA86C634A4D}"
EndProject
Project("{FAE04EC0-301F-11D3-BF4B-00C04F79EFBC}") = "ST.DotNetSolutionKit.Samples.Common.Contracts", "..\common\ST.DotNetSolutionKit.Samples.Common.Contracts\ST.DotNetSolutionKit.Samples.Common.Contracts.csproj", "{D139F949-6048-44D7-A225-E9CF9CA33814}"
EndProject
Project("{FAE04EC0-301F-11D3-BF4B-00C04F79EFBC}") = "ST.DotNetSolutionKit.Samples.Common.Infrastructure", "..\common\ST.DotNetSolutionKit.Samples.Common.Infrastructure\ST.DotNetSolutionKit.Samples.Common.Infrastructure.csproj", "{1D315BA6-E9DA-41B3-9083-F154C08FCC49}"
EndProject
Project("{FAE04EC0-301F-11D3-BF4B-00C04F79EFBC}") = "ST.DotNetSolutionKit.Samples.Common.Tests", "..\common\ST.DotNetSolutionKit.Samples.Common.Tests\ST.DotNetSolutionKit.Samples.Common.Tests.csproj", "{D2016742-96FB-46A4-9009-8878906D8C1A}"
EndProject
Project("{FAE04EC0-301F-11D3-BF4B-00C04F79EFBC}") = "ST.DotNetSolutionKit.Samples.Common.Testing", "..\common\ST.DotNetSolutionKit.Samples.Common.Testing\ST.DotNetSolutionKit.Samples.Common.Testing.csproj", "{24601F4D-DA7F-473A-B8EF-61BF575793D8}"
EndProject
Project("{2150E333-8FDC-42A3-9474-1A3956D46DE8}") = "Billing", "Billing", "{7FB7646D-4138-FB10-37A1-8D15C194EAE0}"
EndProject
Project("{FAE04EC0-301F-11D3-BF4B-00C04F79EFBC}") = "ST.DotNetSolutionKit.Samples.Billing.API", "ST.DotNetSolutionKit.Samples.Billing\ST.DotNetSolutionKit.Samples.Billing.API\ST.DotNetSolutionKit.Samples.Billing.API.csproj", "{B5671916-1EB8-427D-849E-FA3913DF4CA8}"
EndProject
Project("{FAE04EC0-301F-11D3-BF4B-00C04F79EFBC}") = "ST.DotNetSolutionKit.Samples.Billing.Application", "ST.DotNetSolutionKit.Samples.Billing\ST.DotNetSolutionKit.Samples.Billing.Application\ST.DotNetSolutionKit.Samples.Billing.Application.csproj", "{56BBA6BE-D72D-492B-BCF2-DD600132AE04}"
EndProject
Project("{FAE04EC0-301F-11D3-BF4B-00C04F79EFBC}") = "ST.DotNetSolutionKit.Samples.Billing", "ST.DotNetSolutionKit.Samples.Billing\ST.DotNetSolutionKit.Samples.Billing\ST.DotNetSolutionKit.Samples.Billing.csproj", "{621C2709-74FA-4B61-9A91-80E755F953E6}"
EndProject
Project("{FAE04EC0-301F-11D3-BF4B-00C04F79EFBC}") = "ST.DotNetSolutionKit.Samples.Billing.Infrastructure", "ST.DotNetSolutionKit.Samples.Billing\ST.DotNetSolutionKit.Samples.Billing.Infrastructure\ST.DotNetSolutionKit.Samples.Billing.Infrastructure.csproj", "{27FCC977-D3EB-470F-B3D1-09845D46CF46}"
EndProject
Project("{FAE04EC0-301F-11D3-BF4B-00C04F79EFBC}") = "ST.DotNetSolutionKit.Samples.Billing.Tests", "ST.DotNetSolutionKit.Samples.Billing\ST.DotNetSolutionKit.Samples.Billing.Tests\ST.DotNetSolutionKit.Samples.Billing.Tests.csproj", "{345D0F0F-FB75-4246-83DA-F8CCE81AD709}"
EndProject
Global
	GlobalSection(SolutionConfigurationPlatforms) = preSolution
		Debug|Any CPU = Debug|Any CPU
		Debug|x64 = Debug|x64
		Debug|x86 = Debug|x86
		Release|Any CPU = Release|Any CPU
		Release|x64 = Release|x64
		Release|x86 = Release|x86
	EndGlobalSection
	GlobalSection(ProjectConfigurationPlatforms) = postSolution
		{5A5DD699-1BBB-40B6-A9FB-8B2269A9A74D}.Debug|Any CPU.ActiveCfg = Debug|Any CPU
		{5A5DD699-1BBB-40B6-A9FB-8B2269A9A74D}.Debug|Any CPU.Build.0 = Debug|Any CPU
		{5A5DD699-1BBB-40B6-A9FB-8B2269A9A74D}.Debug|x64.ActiveCfg = Debug|Any CPU
		{5A5DD699-1BBB-40B6-A9FB-8B2269A9A74D}.Debug|x64.Build.0 = Debug|Any CPU
		{5A5DD699-1BBB-40B6-A9FB-8B2269A9A74D}.Debug|x86.ActiveCfg = Debug|Any CPU
		{5A5DD699-1BBB-40B6-A9FB-8B2269A9A74D}.Debug|x86.Build.0 = Debug|Any CPU
		{5A5DD699-1BBB-40B6-A9FB-8B2269A9A74D}.Release|Any CPU.ActiveCfg = Release|Any CPU
		{5A5DD699-1BBB-40B6-A9FB-8B2269A9A74D}.Release|Any CPU.Build.0 = Release|Any CPU
		{5A5DD699-1BBB-40B6-A9FB-8B2269A9A74D}.Release|x64.ActiveCfg = Release|Any CPU
		{5A5DD699-1BBB-40B6-A9FB-8B2269A9A74D}.Release|x64.Build.0 = Release|Any CPU
		{5A5DD699-1BBB-40B6-A9FB-8B2269A9A74D}.Release|x86.ActiveCfg = Release|Any CPU
		{5A5DD699-1BBB-40B6-A9FB-8B2269A9A74D}.Release|x86.Build.0 = Release|Any CPU
		{E313F870-A3F7-44CA-A02D-E2FD74B77D51}.Debug|Any CPU.ActiveCfg = Debug|Any CPU
		{E313F870-A3F7-44CA-A02D-E2FD74B77D51}.Debug|Any CPU.Build.0 = Debug|Any CPU
		{E313F870-A3F7-44CA-A02D-E2FD74B77D51}.Debug|x64.ActiveCfg = Debug|Any CPU
		{E313F870-A3F7-44CA-A02D-E2FD74B77D51}.Debug|x64.Build.0 = Debug|Any CPU
		{E313F870-A3F7-44CA-A02D-E2FD74B77D51}.Debug|x86.ActiveCfg = Debug|Any CPU
		{E313F870-A3F7-44CA-A02D-E2FD74B77D51}.Debug|x86.Build.0 = Debug|Any CPU
		{E313F870-A3F7-44CA-A02D-E2FD74B77D51}.Release|Any CPU.ActiveCfg = Release|Any CPU
		{E313F870-A3F7-44CA-A02D-E2FD74B77D51}.Release|Any CPU.Build.0 = Release|Any CPU
		{E313F870-A3F7-44CA-A02D-E2FD74B77D51}.Release|x64.ActiveCfg = Release|Any CPU
		{E313F870-A3F7-44CA-A02D-E2FD74B77D51}.Release|x64.Build.0 = Release|Any CPU
		{E313F870-A3F7-44CA-A02D-E2FD74B77D51}.Release|x86.ActiveCfg = Release|Any CPU
		{E313F870-A3F7-44CA-A02D-E2FD74B77D51}.Release|x86.Build.0 = Release|Any CPU
		{59B65D9A-7010-4AD1-9F5E-616704CF7E88}.Debug|Any CPU.ActiveCfg = Debug|Any CPU
		{59B65D9A-7010-4AD1-9F5E-616704CF7E88}.Debug|Any CPU.Build.0 = Debug|Any CPU
		{59B65D9A-7010-4AD1-9F5E-616704CF7E88}.Debug|x64.ActiveCfg = Debug|Any CPU
		{59B65D9A-7010-4AD1-9F5E-616704CF7E88}.Debug|x64.Build.0 = Debug|Any CPU
		{59B65D9A-7010-4AD1-9F5E-616704CF7E88}.Debug|x86.ActiveCfg = Debug|Any CPU
		{59B65D9A-7010-4AD1-9F5E-616704CF7E88}.Debug|x86.Build.0 = Debug|Any CPU
		{59B65D9A-7010-4AD1-9F5E-616704CF7E88}.Release|Any CPU.ActiveCfg = Release|Any CPU
		{59B65D9A-7010-4AD1-9F5E-616704CF7E88}.Release|Any CPU.Build.0 = Release|Any CPU
		{59B65D9A-7010-4AD1-9F5E-616704CF7E88}.Release|x64.ActiveCfg = Release|Any CPU
		{59B65D9A-7010-4AD1-9F5E-616704CF7E88}.Release|x64.Build.0 = Release|Any CPU
		{59B65D9A-7010-4AD1-9F5E-616704CF7E88}.Release|x86.ActiveCfg = Release|Any CPU
		{59B65D9A-7010-4AD1-9F5E-616704CF7E88}.Release|x86.Build.0 = Release|Any CPU
		{D2A63D9B-B100-4FBF-93AC-7EF92D598286}.Debug|Any CPU.ActiveCfg = Debug|Any CPU
		{D2A63D9B-B100-4FBF-93AC-7EF92D598286}.Debug|Any CPU.Build.0 = Debug|Any CPU
		{D2A63D9B-B100-4FBF-93AC-7EF92D598286}.Debug|x64.ActiveCfg = Debug|Any CPU
		{D2A63D9B-B100-4FBF-93AC-7EF92D598286}.Debug|x64.Build.0 = Debug|Any CPU
		{D2A63D9B-B100-4FBF-93AC-7EF92D598286}.Debug|x86.ActiveCfg = Debug|Any CPU
		{D2A63D9B-B100-4FBF-93AC-7EF92D598286}.Debug|x86.Build.0 = Debug|Any CPU
		{D2A63D9B-B100-4FBF-93AC-7EF92D598286}.Release|Any CPU.ActiveCfg = Release|Any CPU
		{D2A63D9B-B100-4FBF-93AC-7EF92D598286}.Release|Any CPU.Build.0 = Release|Any CPU
		{D2A63D9B-B100-4FBF-93AC-7EF92D598286}.Release|x64.ActiveCfg = Release|Any CPU
		{D2A63D9B-B100-4FBF-93AC-7EF92D598286}.Release|x64.Build.0 = Release|Any CPU
		{D2A63D9B-B100-4FBF-93AC-7EF92D598286}.Release|x86.ActiveCfg = Release|Any CPU
		{D2A63D9B-B100-4FBF-93AC-7EF92D598286}.Release|x86.Build.0 = Release|Any CPU
		{5A453523-162D-4FFE-897E-278A17882559}.Debug|Any CPU.ActiveCfg = Debug|Any CPU
		{5A453523-162D-4FFE-897E-278A17882559}.Debug|Any CPU.Build.0 = Debug|Any CPU
		{5A453523-162D-4FFE-897E-278A17882559}.Debug|x64.ActiveCfg = Debug|Any CPU
		{5A453523-162D-4FFE-897E-278A17882559}.Debug|x64.Build.0 = Debug|Any CPU
		{5A453523-162D-4FFE-897E-278A17882559}.Debug|x86.ActiveCfg = Debug|Any CPU
		{5A453523-162D-4FFE-897E-278A17882559}.Debug|x86.Build.0 = Debug|Any CPU
		{5A453523-162D-4FFE-897E-278A17882559}.Release|Any CPU.ActiveCfg = Release|Any CPU
		{5A453523-162D-4FFE-897E-278A17882559}.Release|Any CPU.Build.0 = Release|Any CPU
		{5A453523-162D-4FFE-897E-278A17882559}.Release|x64.ActiveCfg = Release|Any CPU
		{5A453523-162D-4FFE-897E-278A17882559}.Release|x64.Build.0 = Release|Any CPU
		{5A453523-162D-4FFE-897E-278A17882559}.Release|x86.ActiveCfg = Release|Any CPU
		{5A453523-162D-4FFE-897E-278A17882559}.Release|x86.Build.0 = Release|Any CPU
		{A095D328-1E00-4A4C-87A8-E93585BC3743}.Debug|Any CPU.ActiveCfg = Debug|Any CPU
		{A095D328-1E00-4A4C-87A8-E93585BC3743}.Debug|Any CPU.Build.0 = Debug|Any CPU
		{A095D328-1E00-4A4C-87A8-E93585BC3743}.Debug|x64.ActiveCfg = Debug|Any CPU
		{A095D328-1E00-4A4C-87A8-E93585BC3743}.Debug|x64.Build.0 = Debug|Any CPU
		{A095D328-1E00-4A4C-87A8-E93585BC3743}.Debug|x86.ActiveCfg = Debug|Any CPU
		{A095D328-1E00-4A4C-87A8-E93585BC3743}.Debug|x86.Build.0 = Debug|Any CPU
		{A095D328-1E00-4A4C-87A8-E93585BC3743}.Release|Any CPU.ActiveCfg = Release|Any CPU
		{A095D328-1E00-4A4C-87A8-E93585BC3743}.Release|Any CPU.Build.0 = Release|Any CPU
		{A095D328-1E00-4A4C-87A8-E93585BC3743}.Release|x64.ActiveCfg = Release|Any CPU
		{A095D328-1E00-4A4C-87A8-E93585BC3743}.Release|x64.Build.0 = Release|Any CPU
		{A095D328-1E00-4A4C-87A8-E93585BC3743}.Release|x86.ActiveCfg = Release|Any CPU
		{A095D328-1E00-4A4C-87A8-E93585BC3743}.Release|x86.Build.0 = Release|Any CPU
		{342C6EA6-2723-4C59-B8EC-2C5D06E92910}.Debug|Any CPU.ActiveCfg = Debug|Any CPU
		{342C6EA6-2723-4C59-B8EC-2C5D06E92910}.Debug|Any CPU.Build.0 = Debug|Any CPU
		{342C6EA6-2723-4C59-B8EC-2C5D06E92910}.Debug|x64.ActiveCfg = Debug|Any CPU
		{342C6EA6-2723-4C59-B8EC-2C5D06E92910}.Debug|x64.Build.0 = Debug|Any CPU
		{342C6EA6-2723-4C59-B8EC-2C5D06E92910}.Debug|x86.ActiveCfg = Debug|Any CPU
		{342C6EA6-2723-4C59-B8EC-2C5D06E92910}.Debug|x86.Build.0 = Debug|Any CPU
		{342C6EA6-2723-4C59-B8EC-2C5D06E92910}.Release|Any CPU.ActiveCfg = Release|Any CPU
		{342C6EA6-2723-4C59-B8EC-2C5D06E92910}.Release|Any CPU.Build.0 = Release|Any CPU
		{342C6EA6-2723-4C59-B8EC-2C5D06E92910}.Release|x64.ActiveCfg = Release|Any CPU
		{342C6EA6-2723-4C59-B8EC-2C5D06E92910}.Release|x64.Build.0 = Release|Any CPU
		{342C6EA6-2723-4C59-B8EC-2C5D06E92910}.Release|x86.ActiveCfg = Release|Any CPU
		{342C6EA6-2723-4C59-B8EC-2C5D06E92910}.Release|x86.Build.0 = Release|Any CPU
		{1FD2AD9B-31E5-4D79-869D-6EA86C634A4D}.Debug|Any CPU.ActiveCfg = Debug|Any CPU
		{1FD2AD9B-31E5-4D79-869D-6EA86C634A4D}.Debug|Any CPU.Build.0 = Debug|Any CPU
		{1FD2AD9B-31E5-4D79-869D-6EA86C634A4D}.Debug|x64.ActiveCfg = Debug|Any CPU
		{1FD2AD9B-31E5-4D79-869D-6EA86C634A4D}.Debug|x64.Build.0 = Debug|Any CPU
		{1FD2AD9B-31E5-4D79-869D-6EA86C634A4D}.Debug|x86.ActiveCfg = Debug|Any CPU
		{1FD2AD9B-31E5-4D79-869D-6EA86C634A4D}.Debug|x86.Build.0 = Debug|Any CPU
		{1FD2AD9B-31E5-4D79-869D-6EA86C634A4D}.Release|Any CPU.ActiveCfg = Release|Any CPU
		{1FD2AD9B-31E5-4D79-869D-6EA86C634A4D}.Release|Any CPU.Build.0 = Release|Any CPU
		{1FD2AD9B-31E5-4D79-869D-6EA86C634A4D}.Release|x64.ActiveCfg = Release|Any CPU
		{1FD2AD9B-31E5-4D79-869D-6EA86C634A4D}.Release|x64.Build.0 = Release|Any CPU
		{1FD2AD9B-31E5-4D79-869D-6EA86C634A4D}.Release|x86.ActiveCfg = Release|Any CPU
		{1FD2AD9B-31E5-4D79-869D-6EA86C634A4D}.Release|x86.Build.0 = Release|Any CPU
		{D139F949-6048-44D7-A225-E9CF9CA33814}.Debug|Any CPU.ActiveCfg = Debug|Any CPU
		{D139F949-6048-44D7-A225-E9CF9CA33814}.Debug|Any CPU.Build.0 = Debug|Any CPU
		{D139F949-6048-44D7-A225-E9CF9CA33814}.Debug|x64.ActiveCfg = Debug|Any CPU
		{D139F949-6048-44D7-A225-E9CF9CA33814}.Debug|x64.Build.0 = Debug|Any CPU
		{D139F949-6048-44D7-A225-E9CF9CA33814}.Debug|x86.ActiveCfg = Debug|Any CPU
		{D139F949-6048-44D7-A225-E9CF9CA33814}.Debug|x86.Build.0 = Debug|Any CPU
		{D139F949-6048-44D7-A225-E9CF9CA33814}.Release|Any CPU.ActiveCfg = Release|Any CPU
		{D139F949-6048-44D7-A225-E9CF9CA33814}.Release|Any CPU.Build.0 = Release|Any CPU
		{D139F949-6048-44D7-A225-E9CF9CA33814}.Release|x64.ActiveCfg = Release|Any CPU
		{D139F949-6048-44D7-A225-E9CF9CA33814}.Release|x64.Build.0 = Release|Any CPU
		{D139F949-6048-44D7-A225-E9CF9CA33814}.Release|x86.ActiveCfg = Release|Any CPU
		{D139F949-6048-44D7-A225-E9CF9CA33814}.Release|x86.Build.0 = Release|Any CPU
		{1D315BA6-E9DA-41B3-9083-F154C08FCC49}.Debug|Any CPU.ActiveCfg = Debug|Any CPU
		{1D315BA6-E9DA-41B3-9083-F154C08FCC49}.Debug|Any CPU.Build.0 = Debug|Any CPU
		{1D315BA6-E9DA-41B3-9083-F154C08FCC49}.Debug|x64.ActiveCfg = Debug|Any CPU
		{1D315BA6-E9DA-41B3-9083-F154C08FCC49}.Debug|x64.Build.0 = Debug|Any CPU
		{1D315BA6-E9DA-41B3-9083-F154C08FCC49}.Debug|x86.ActiveCfg = Debug|Any CPU
		{1D315BA6-E9DA-41B3-9083-F154C08FCC49}.Debug|x86.Build.0 = Debug|Any CPU
		{1D315BA6-E9DA-41B3-9083-F154C08FCC49}.Release|Any CPU.ActiveCfg = Release|Any CPU
		{1D315BA6-E9DA-41B3-9083-F154C08FCC49}.Release|Any CPU.Build.0 = Release|Any CPU
		{1D315BA6-E9DA-41B3-9083-F154C08FCC49}.Release|x64.ActiveCfg = Release|Any CPU
		{1D315BA6-E9DA-41B3-9083-F154C08FCC49}.Release|x64.Build.0 = Release|Any CPU
		{1D315BA6-E9DA-41B3-9083-F154C08FCC49}.Release|x86.ActiveCfg = Release|Any CPU
		{1D315BA6-E9DA-41B3-9083-F154C08FCC49}.Release|x86.Build.0 = Release|Any CPU
		{D2016742-96FB-46A4-9009-8878906D8C1A}.Debug|Any CPU.ActiveCfg = Debug|Any CPU
		{D2016742-96FB-46A4-9009-8878906D8C1A}.Debug|Any CPU.Build.0 = Debug|Any CPU
		{D2016742-96FB-46A4-9009-8878906D8C1A}.Debug|x64.ActiveCfg = Debug|Any CPU
		{D2016742-96FB-46A4-9009-8878906D8C1A}.Debug|x64.Build.0 = Debug|Any CPU
		{D2016742-96FB-46A4-9009-8878906D8C1A}.Debug|x86.ActiveCfg = Debug|Any CPU
		{D2016742-96FB-46A4-9009-8878906D8C1A}.Debug|x86.Build.0 = Debug|Any CPU
		{D2016742-96FB-46A4-9009-8878906D8C1A}.Release|Any CPU.ActiveCfg = Release|Any CPU
		{D2016742-96FB-46A4-9009-8878906D8C1A}.Release|Any CPU.Build.0 = Release|Any CPU
		{D2016742-96FB-46A4-9009-8878906D8C1A}.Release|x64.ActiveCfg = Release|Any CPU
		{D2016742-96FB-46A4-9009-8878906D8C1A}.Release|x64.Build.0 = Release|Any CPU
		{D2016742-96FB-46A4-9009-8878906D8C1A}.Release|x86.ActiveCfg = Release|Any CPU
		{D2016742-96FB-46A4-9009-8878906D8C1A}.Release|x86.Build.0 = Release|Any CPU
		{24601F4D-DA7F-473A-B8EF-61BF575793D8}.Debug|Any CPU.ActiveCfg = Debug|Any CPU
		{24601F4D-DA7F-473A-B8EF-61BF575793D8}.Debug|Any CPU.Build.0 = Debug|Any CPU
		{24601F4D-DA7F-473A-B8EF-61BF575793D8}.Debug|x64.ActiveCfg = Debug|Any CPU
		{24601F4D-DA7F-473A-B8EF-61BF575793D8}.Debug|x64.Build.0 = Debug|Any CPU
		{24601F4D-DA7F-473A-B8EF-61BF575793D8}.Debug|x86.ActiveCfg = Debug|Any CPU
		{24601F4D-DA7F-473A-B8EF-61BF575793D8}.Debug|x86.Build.0 = Debug|Any CPU
		{24601F4D-DA7F-473A-B8EF-61BF575793D8}.Release|Any CPU.ActiveCfg = Release|Any CPU
		{24601F4D-DA7F-473A-B8EF-61BF575793D8}.Release|Any CPU.Build.0 = Release|Any CPU
		{24601F4D-DA7F-473A-B8EF-61BF575793D8}.Release|x64.ActiveCfg = Release|Any CPU
		{24601F4D-DA7F-473A-B8EF-61BF575793D8}.Release|x64.Build.0 = Release|Any CPU
		{24601F4D-DA7F-473A-B8EF-61BF575793D8}.Release|x86.ActiveCfg = Release|Any CPU
		{24601F4D-DA7F-473A-B8EF-61BF575793D8}.Release|x86.Build.0 = Release|Any CPU
		{B5671916-1EB8-427D-849E-FA3913DF4CA8}.Debug|Any CPU.ActiveCfg = Debug|Any CPU
		{B5671916-1EB8-427D-849E-FA3913DF4CA8}.Debug|Any CPU.Build.0 = Debug|Any CPU
		{B5671916-1EB8-427D-849E-FA3913DF4CA8}.Debug|x64.ActiveCfg = Debug|Any CPU
		{B5671916-1EB8-427D-849E-FA3913DF4CA8}.Debug|x64.Build.0 = Debug|Any CPU
		{B5671916-1EB8-427D-849E-FA3913DF4CA8}.Debug|x86.ActiveCfg = Debug|Any CPU
		{B5671916-1EB8-427D-849E-FA3913DF4CA8}.Debug|x86.Build.0 = Debug|Any CPU
		{B5671916-1EB8-427D-849E-FA3913DF4CA8}.Release|Any CPU.ActiveCfg = Release|Any CPU
		{B5671916-1EB8-427D-849E-FA3913DF4CA8}.Release|Any CPU.Build.0 = Release|Any CPU
		{B5671916-1EB8-427D-849E-FA3913DF4CA8}.Release|x64.ActiveCfg = Release|Any CPU
		{B5671916-1EB8-427D-849E-FA3913DF4CA8}.Release|x64.Build.0 = Release|Any CPU
		{B5671916-1EB8-427D-849E-FA3913DF4CA8}.Release|x86.ActiveCfg = Release|Any CPU
		{B5671916-1EB8-427D-849E-FA3913DF4CA8}.Release|x86.Build.0 = Release|Any CPU
		{56BBA6BE-D72D-492B-BCF2-DD600132AE04}.Debug|Any CPU.ActiveCfg = Debug|Any CPU
		{56BBA6BE-D72D-492B-BCF2-DD600132AE04}.Debug|Any CPU.Build.0 = Debug|Any CPU
		{56BBA6BE-D72D-492B-BCF2-DD600132AE04}.Debug|x64.ActiveCfg = Debug|Any CPU
		{56BBA6BE-D72D-492B-BCF2-DD600132AE04}.Debug|x64.Build.0 = Debug|Any CPU
		{56BBA6BE-D72D-492B-BCF2-DD600132AE04}.Debug|x86.ActiveCfg = Debug|Any CPU
		{56BBA6BE-D72D-492B-BCF2-DD600132AE04}.Debug|x86.Build.0 = Debug|Any CPU
		{56BBA6BE-D72D-492B-BCF2-DD600132AE04}.Release|Any CPU.ActiveCfg = Release|Any CPU
		{56BBA6BE-D72D-492B-BCF2-DD600132AE04}.Release|Any CPU.Build.0 = Release|Any CPU
		{56BBA6BE-D72D-492B-BCF2-DD600132AE04}.Release|x64.ActiveCfg = Release|Any CPU
		{56BBA6BE-D72D-492B-BCF2-DD600132AE04}.Release|x64.Build.0 = Release|Any CPU
		{56BBA6BE-D72D-492B-BCF2-DD600132AE04}.Release|x86.ActiveCfg = Release|Any CPU
		{56BBA6BE-D72D-492B-BCF2-DD600132AE04}.Release|x86.Build.0 = Release|Any CPU
		{621C2709-74FA-4B61-9A91-80E755F953E6}.Debug|Any CPU.ActiveCfg = Debug|Any CPU
		{621C2709-74FA-4B61-9A91-80E755F953E6}.Debug|Any CPU.Build.0 = Debug|Any CPU
		{621C2709-74FA-4B61-9A91-80E755F953E6}.Debug|x64.ActiveCfg = Debug|Any CPU
		{621C2709-74FA-4B61-9A91-80E755F953E6}.Debug|x64.Build.0 = Debug|Any CPU
		{621C2709-74FA-4B61-9A91-80E755F953E6}.Debug|x86.ActiveCfg = Debug|Any CPU
		{621C2709-74FA-4B61-9A91-80E755F953E6}.Debug|x86.Build.0 = Debug|Any CPU
		{621C2709-74FA-4B61-9A91-80E755F953E6}.Release|Any CPU.ActiveCfg = Release|Any CPU
		{621C2709-74FA-4B61-9A91-80E755F953E6}.Release|Any CPU.Build.0 = Release|Any CPU
		{621C2709-74FA-4B61-9A91-80E755F953E6}.Release|x64.ActiveCfg = Release|Any CPU
		{621C2709-74FA-4B61-9A91-80E755F953E6}.Release|x64.Build.0 = Release|Any CPU
		{621C2709-74FA-4B61-9A91-80E755F953E6}.Release|x86.ActiveCfg = Release|Any CPU
		{621C2709-74FA-4B61-9A91-80E755F953E6}.Release|x86.Build.0 = Release|Any CPU
		{27FCC977-D3EB-470F-B3D1-09845D46CF46}.Debug|Any CPU.ActiveCfg = Debug|Any CPU
		{27FCC977-D3EB-470F-B3D1-09845D46CF46}.Debug|Any CPU.Build.0 = Debug|Any CPU
		{27FCC977-D3EB-470F-B3D1-09845D46CF46}.Debug|x64.ActiveCfg = Debug|Any CPU
		{27FCC977-D3EB-470F-B3D1-09845D46CF46}.Debug|x64.Build.0 = Debug|Any CPU
		{27FCC977-D3EB-470F-B3D1-09845D46CF46}.Debug|x86.ActiveCfg = Debug|Any CPU
		{27FCC977-D3EB-470F-B3D1-09845D46CF46}.Debug|x86.Build.0 = Debug|Any CPU
		{27FCC977-D3EB-470F-B3D1-09845D46CF46}.Release|Any CPU.ActiveCfg = Release|Any CPU
		{27FCC977-D3EB-470F-B3D1-09845D46CF46}.Release|Any CPU.Build.0 = Release|Any CPU
		{27FCC977-D3EB-470F-B3D1-09845D46CF46}.Release|x64.ActiveCfg = Release|Any CPU
		{27FCC977-D3EB-470F-B3D1-09845D46CF46}.Release|x64.Build.0 = Release|Any CPU
		{27FCC977-D3EB-470F-B3D1-09845D46CF46}.Release|x86.ActiveCfg = Release|Any CPU
		{27FCC977-D3EB-470F-B3D1-09845D46CF46}.Release|x86.Build.0 = Release|Any CPU
		{345D0F0F-FB75-4246-83DA-F8CCE81AD709}.Debug|Any CPU.ActiveCfg = Debug|Any CPU
		{345D0F0F-FB75-4246-83DA-F8CCE81AD709}.Debug|Any CPU.Build.0 = Debug|Any CPU
		{345D0F0F-FB75-4246-83DA-F8CCE81AD709}.Debug|x64.ActiveCfg = Debug|Any CPU
		{345D0F0F-FB75-4246-83DA-F8CCE81AD709}.Debug|x64.Build.0 = Debug|Any CPU
		{345D0F0F-FB75-4246-83DA-F8CCE81AD709}.Debug|x86.ActiveCfg = Debug|Any CPU
		{345D0F0F-FB75-4246-83DA-F8CCE81AD709}.Debug|x86.Build.0 = Debug|Any CPU
		{345D0F0F-FB75-4246-83DA-F8CCE81AD709}.Release|Any CPU.ActiveCfg = Release|Any CPU
		{345D0F0F-FB75-4246-83DA-F8CCE81AD709}.Release|Any CPU.Build.0 = Release|Any CPU
		{345D0F0F-FB75-4246-83DA-F8CCE81AD709}.Release|x64.ActiveCfg = Release|Any CPU
		{345D0F0F-FB75-4246-83DA-F8CCE81AD709}.Release|x64.Build.0 = Release|Any CPU
		{345D0F0F-FB75-4246-83DA-F8CCE81AD709}.Release|x86.ActiveCfg = Release|Any CPU
		{345D0F0F-FB75-4246-83DA-F8CCE81AD709}.Release|x86.Build.0 = Release|Any CPU
	EndGlobalSection
	GlobalSection(SolutionProperties) = preSolution
		HideSolutionNode = FALSE
	EndGlobalSection
	GlobalSection(NestedProjects) = preSolution
		{5A5DD699-1BBB-40B6-A9FB-8B2269A9A74D} = {121B974B-9C00-47EC-8961-469C6E1596EB}
		{E313F870-A3F7-44CA-A02D-E2FD74B77D51} = {121B974B-9C00-47EC-8961-469C6E1596EB}
		{59B65D9A-7010-4AD1-9F5E-616704CF7E88} = {121B974B-9C00-47EC-8961-469C6E1596EB}
		{D2A63D9B-B100-4FBF-93AC-7EF92D598286} = {121B974B-9C00-47EC-8961-469C6E1596EB}
		{5A453523-162D-4FFE-897E-278A17882559} = {121B974B-9C00-47EC-8961-469C6E1596EB}
		{A095D328-1E00-4A4C-87A8-E93585BC3743} = {8519937F-6A2B-4441-9591-06640B035553}
		{342C6EA6-2723-4C59-B8EC-2C5D06E92910} = {8519937F-6A2B-4441-9591-06640B035553}
		{1FD2AD9B-31E5-4D79-869D-6EA86C634A4D} = {8519937F-6A2B-4441-9591-06640B035553}
		{D139F949-6048-44D7-A225-E9CF9CA33814} = {8519937F-6A2B-4441-9591-06640B035553}
		{1D315BA6-E9DA-41B3-9083-F154C08FCC49} = {8519937F-6A2B-4441-9591-06640B035553}
		{D2016742-96FB-46A4-9009-8878906D8C1A} = {8519937F-6A2B-4441-9591-06640B035553}
		{24601F4D-DA7F-473A-B8EF-61BF575793D8} = {8519937F-6A2B-4441-9591-06640B035553}
		{B5671916-1EB8-427D-849E-FA3913DF4CA8} = {7FB7646D-4138-FB10-37A1-8D15C194EAE0}
		{56BBA6BE-D72D-492B-BCF2-DD600132AE04} = {7FB7646D-4138-FB10-37A1-8D15C194EAE0}
		{621C2709-74FA-4B61-9A91-80E755F953E6} = {7FB7646D-4138-FB10-37A1-8D15C194EAE0}
		{27FCC977-D3EB-470F-B3D1-09845D46CF46} = {7FB7646D-4138-FB10-37A1-8D15C194EAE0}
		{345D0F0F-FB75-4246-83DA-F8CCE81AD709} = {7FB7646D-4138-FB10-37A1-8D15C194EAE0}
	EndGlobalSection
EndGlobal
