
Microsoft Visual Studio Solution File, Format Version 12.00
Project("{FAE04EC0-301F-11D3-BF4B-00C04F79EFBC}") = "ST.DotNetSolutionKit.Samples.Common", "ST.DotNetSolutionKit.Samples.Common\ST.DotNetSolutionKit.Samples.Common.csproj", "{A9C0F473-2F7D-4D5C-A77F-F5B4B982FE1C}"
EndProject
Project("{FAE04EC0-301F-11D3-BF4B-00C04F79EFBC}") = "ST.DotNetSolutionKit.Samples.Common.Contracts", "ST.DotNetSolutionKit.Samples.Common.Contracts\ST.DotNetSolutionKit.Samples.Common.Contracts.csproj", "{28AFCEBD-14CE-4AE9-94AF-31CA3C0AF11D}"
EndProject
Project("{FAE04EC0-301F-11D3-BF4B-00C04F79EFBC}") = "ST.DotNetSolutionKit.Samples.Common.Application", "ST.DotNetSolutionKit.Samples.Common.Application\ST.DotNetSolutionKit.Samples.Common.Application.csproj", "{9D6ABD18-4617-43C9-86EB-4FAE2533D58D}"
EndProject
Project("{FAE04EC0-301F-11D3-BF4B-00C04F79EFBC}") = "ST.DotNetSolutionKit.Samples.Common.Web", "ST.DotNetSolutionKit.Samples.Common.Web\ST.DotNetSolutionKit.Samples.Common.Web.csproj", "{16C1A9D9-0C25-4ED3-A75E-6C7673EBA517}"
EndProject
Project("{FAE04EC0-301F-11D3-BF4B-00C04F79EFBC}") = "ST.DotNetSolutionKit.Samples.Common.Infrastructure", "ST.DotNetSolutionKit.Samples.Common.Infrastructure\ST.DotNetSolutionKit.Samples.Common.Infrastructure.csproj", "{5CE71198-C97D-4DD1-9CCA-EC7180951A72}"
EndProject
Project("{FAE04EC0-301F-11D3-BF4B-00C04F79EFBC}") = "ST.DotNetSolutionKit.Samples.Common.Tests", "ST.DotNetSolutionKit.Samples.Common.Tests\ST.DotNetSolutionKit.Samples.Common.Tests.csproj", "{2DECC768-AC5C-40CB-824D-FCC273F3B77D}"
EndProject
Project("{FAE04EC0-301F-11D3-BF4B-00C04F79EFBC}") = "ST.DotNetSolutionKit.Samples.Common.Testing", "ST.DotNetSolutionKit.Samples.Common.Testing\ST.DotNetSolutionKit.Samples.Common.Testing.csproj", "{15A07E37-3356-43E7-881F-1050F4CF6D56}"
EndProject
Global
	GlobalSection(SolutionConfigurationPlatforms) = preSolution
		Debug|Any CPU = Debug|Any CPU
		Debug|x64 = Debug|x64
		Debug|x86 = Debug|x86
		Release|Any CPU = Release|Any CPU
		Release|x64 = Release|x64
		Release|x86 = Release|x86
	EndGlobalSection
	GlobalSection(ProjectConfigurationPlatforms) = postSolution
		{A9C0F473-2F7D-4D5C-A77F-F5B4B982FE1C}.Debug|Any CPU.ActiveCfg = Debug|Any CPU
		{A9C0F473-2F7D-4D5C-A77F-F5B4B982FE1C}.Debug|Any CPU.Build.0 = Debug|Any CPU
		{A9C0F473-2F7D-4D5C-A77F-F5B4B982FE1C}.Debug|x64.ActiveCfg = Debug|Any CPU
		{A9C0F473-2F7D-4D5C-A77F-F5B4B982FE1C}.Debug|x64.Build.0 = Debug|Any CPU
		{A9C0F473-2F7D-4D5C-A77F-F5B4B982FE1C}.Debug|x86.ActiveCfg = Debug|Any CPU
		{A9C0F473-2F7D-4D5C-A77F-F5B4B982FE1C}.Debug|x86.Build.0 = Debug|Any CPU
		{A9C0F473-2F7D-4D5C-A77F-F5B4B982FE1C}.Release|Any CPU.ActiveCfg = Release|Any CPU
		{A9C0F473-2F7D-4D5C-A77F-F5B4B982FE1C}.Release|Any CPU.Build.0 = Release|Any CPU
		{A9C0F473-2F7D-4D5C-A77F-F5B4B982FE1C}.Release|x64.ActiveCfg = Release|Any CPU
		{A9C0F473-2F7D-4D5C-A77F-F5B4B982FE1C}.Release|x64.Build.0 = Release|Any CPU
		{A9C0F473-2F7D-4D5C-A77F-F5B4B982FE1C}.Release|x86.ActiveCfg = Release|Any CPU
		{A9C0F473-2F7D-4D5C-A77F-F5B4B982FE1C}.Release|x86.Build.0 = Release|Any CPU
		{28AFCEBD-14CE-4AE9-94AF-31CA3C0AF11D}.Debug|Any CPU.ActiveCfg = Debug|Any CPU
		{28AFCEBD-14CE-4AE9-94AF-31CA3C0AF11D}.Debug|Any CPU.Build.0 = Debug|Any CPU
		{28AFCEBD-14CE-4AE9-94AF-31CA3C0AF11D}.Debug|x64.ActiveCfg = Debug|Any CPU
		{28AFCEBD-14CE-4AE9-94AF-31CA3C0AF11D}.Debug|x64.Build.0 = Debug|Any CPU
		{28AFCEBD-14CE-4AE9-94AF-31CA3C0AF11D}.Debug|x86.ActiveCfg = Debug|Any CPU
		{28AFCEBD-14CE-4AE9-94AF-31CA3C0AF11D}.Debug|x86.Build.0 = Debug|Any CPU
		{28AFCEBD-14CE-4AE9-94AF-31CA3C0AF11D}.Release|Any CPU.ActiveCfg = Release|Any CPU
		{28AFCEBD-14CE-4AE9-94AF-31CA3C0AF11D}.Release|Any CPU.Build.0 = Release|Any CPU
		{28AFCEBD-14CE-4AE9-94AF-31CA3C0AF11D}.Release|x64.ActiveCfg = Release|Any CPU
		{28AFCEBD-14CE-4AE9-94AF-31CA3C0AF11D}.Release|x64.Build.0 = Release|Any CPU
		{28AFCEBD-14CE-4AE9-94AF-31CA3C0AF11D}.Release|x86.ActiveCfg = Release|Any CPU
		{28AFCEBD-14CE-4AE9-94AF-31CA3C0AF11D}.Release|x86.Build.0 = Release|Any CPU
		{9D6ABD18-4617-43C9-86EB-4FAE2533D58D}.Debug|Any CPU.ActiveCfg = Debug|Any CPU
		{9D6ABD18-4617-43C9-86EB-4FAE2533D58D}.Debug|Any CPU.Build.0 = Debug|Any CPU
		{9D6ABD18-4617-43C9-86EB-4FAE2533D58D}.Debug|x64.ActiveCfg = Debug|Any CPU
		{9D6ABD18-4617-43C9-86EB-4FAE2533D58D}.Debug|x64.Build.0 = Debug|Any CPU
		{9D6ABD18-4617-43C9-86EB-4FAE2533D58D}.Debug|x86.ActiveCfg = Debug|Any CPU
		{9D6ABD18-4617-43C9-86EB-4FAE2533D58D}.Debug|x86.Build.0 = Debug|Any CPU
		{9D6ABD18-4617-43C9-86EB-4FAE2533D58D}.Release|Any CPU.ActiveCfg = Release|Any CPU
		{9D6ABD18-4617-43C9-86EB-4FAE2533D58D}.Release|Any CPU.Build.0 = Release|Any CPU
		{9D6ABD18-4617-43C9-86EB-4FAE2533D58D}.Release|x64.ActiveCfg = Release|Any CPU
		{9D6ABD18-4617-43C9-86EB-4FAE2533D58D}.Release|x64.Build.0 = Release|Any CPU
		{9D6ABD18-4617-43C9-86EB-4FAE2533D58D}.Release|x86.ActiveCfg = Release|Any CPU
		{9D6ABD18-4617-43C9-86EB-4FAE2533D58D}.Release|x86.Build.0 = Release|Any CPU
		{16C1A9D9-0C25-4ED3-A75E-6C7673EBA517}.Debug|Any CPU.ActiveCfg = Debug|Any CPU
		{16C1A9D9-0C25-4ED3-A75E-6C7673EBA517}.Debug|Any CPU.Build.0 = Debug|Any CPU
		{16C1A9D9-0C25-4ED3-A75E-6C7673EBA517}.Debug|x64.ActiveCfg = Debug|Any CPU
		{16C1A9D9-0C25-4ED3-A75E-6C7673EBA517}.Debug|x64.Build.0 = Debug|Any CPU
		{16C1A9D9-0C25-4ED3-A75E-6C7673EBA517}.Debug|x86.ActiveCfg = Debug|Any CPU
		{16C1A9D9-0C25-4ED3-A75E-6C7673EBA517}.Debug|x86.Build.0 = Debug|Any CPU
		{16C1A9D9-0C25-4ED3-A75E-6C7673EBA517}.Release|Any CPU.ActiveCfg = Release|Any CPU
		{16C1A9D9-0C25-4ED3-A75E-6C7673EBA517}.Release|Any CPU.Build.0 = Release|Any CPU
		{16C1A9D9-0C25-4ED3-A75E-6C7673EBA517}.Release|x64.ActiveCfg = Release|Any CPU
		{16C1A9D9-0C25-4ED3-A75E-6C7673EBA517}.Release|x64.Build.0 = Release|Any CPU
		{16C1A9D9-0C25-4ED3-A75E-6C7673EBA517}.Release|x86.ActiveCfg = Release|Any CPU
		{16C1A9D9-0C25-4ED3-A75E-6C7673EBA517}.Release|x86.Build.0 = Release|Any CPU
		{5CE71198-C97D-4DD1-9CCA-EC7180951A72}.Debug|Any CPU.ActiveCfg = Debug|Any CPU
		{5CE71198-C97D-4DD1-9CCA-EC7180951A72}.Debug|Any CPU.Build.0 = Debug|Any CPU
		{5CE71198-C97D-4DD1-9CCA-EC7180951A72}.Debug|x64.ActiveCfg = Debug|Any CPU
		{5CE71198-C97D-4DD1-9CCA-EC7180951A72}.Debug|x64.Build.0 = Debug|Any CPU
		{5CE71198-C97D-4DD1-9CCA-EC7180951A72}.Debug|x86.ActiveCfg = Debug|Any CPU
		{5CE71198-C97D-4DD1-9CCA-EC7180951A72}.Debug|x86.Build.0 = Debug|Any CPU
		{5CE71198-C97D-4DD1-9CCA-EC7180951A72}.Release|Any CPU.ActiveCfg = Release|Any CPU
		{5CE71198-C97D-4DD1-9CCA-EC7180951A72}.Release|Any CPU.Build.0 = Release|Any CPU
		{5CE71198-C97D-4DD1-9CCA-EC7180951A72}.Release|x64.ActiveCfg = Release|Any CPU
		{5CE71198-C97D-4DD1-9CCA-EC7180951A72}.Release|x64.Build.0 = Release|Any CPU
		{5CE71198-C97D-4DD1-9CCA-EC7180951A72}.Release|x86.ActiveCfg = Release|Any CPU
		{5CE71198-C97D-4DD1-9CCA-EC7180951A72}.Release|x86.Build.0 = Release|Any CPU
		{2DECC768-AC5C-40CB-824D-FCC273F3B77D}.Debug|Any CPU.ActiveCfg = Debug|Any CPU
		{2DECC768-AC5C-40CB-824D-FCC273F3B77D}.Debug|Any CPU.Build.0 = Debug|Any CPU
		{2DECC768-AC5C-40CB-824D-FCC273F3B77D}.Debug|x64.ActiveCfg = Debug|Any CPU
		{2DECC768-AC5C-40CB-824D-FCC273F3B77D}.Debug|x64.Build.0 = Debug|Any CPU
		{2DECC768-AC5C-40CB-824D-FCC273F3B77D}.Debug|x86.ActiveCfg = Debug|Any CPU
		{2DECC768-AC5C-40CB-824D-FCC273F3B77D}.Debug|x86.Build.0 = Debug|Any CPU
		{2DECC768-AC5C-40CB-824D-FCC273F3B77D}.Release|Any CPU.ActiveCfg = Release|Any CPU
		{2DECC768-AC5C-40CB-824D-FCC273F3B77D}.Release|Any CPU.Build.0 = Release|Any CPU
		{2DECC768-AC5C-40CB-824D-FCC273F3B77D}.Release|x64.ActiveCfg = Release|Any CPU
		{2DECC768-AC5C-40CB-824D-FCC273F3B77D}.Release|x64.Build.0 = Release|Any CPU
		{2DECC768-AC5C-40CB-824D-FCC273F3B77D}.Release|x86.ActiveCfg = Release|Any CPU
		{2DECC768-AC5C-40CB-824D-FCC273F3B77D}.Release|x86.Build.0 = Release|Any CPU
		{15A07E37-3356-43E7-881F-1050F4CF6D56}.Debug|Any CPU.ActiveCfg = Debug|Any CPU
		{15A07E37-3356-43E7-881F-1050F4CF6D56}.Debug|Any CPU.Build.0 = Debug|Any CPU
		{15A07E37-3356-43E7-881F-1050F4CF6D56}.Debug|x64.ActiveCfg = Debug|Any CPU
		{15A07E37-3356-43E7-881F-1050F4CF6D56}.Debug|x64.Build.0 = Debug|Any CPU
		{15A07E37-3356-43E7-881F-1050F4CF6D56}.Debug|x86.ActiveCfg = Debug|Any CPU
		{15A07E37-3356-43E7-881F-1050F4CF6D56}.Debug|x86.Build.0 = Debug|Any CPU
		{15A07E37-3356-43E7-881F-1050F4CF6D56}.Release|Any CPU.ActiveCfg = Release|Any CPU
		{15A07E37-3356-43E7-881F-1050F4CF6D56}.Release|Any CPU.Build.0 = Release|Any CPU
		{15A07E37-3356-43E7-881F-1050F4CF6D56}.Release|x64.ActiveCfg = Release|Any CPU
		{15A07E37-3356-43E7-881F-1050F4CF6D56}.Release|x64.Build.0 = Release|Any CPU
		{15A07E37-3356-43E7-881F-1050F4CF6D56}.Release|x86.ActiveCfg = Release|Any CPU
		{15A07E37-3356-43E7-881F-1050F4CF6D56}.Release|x86.Build.0 = Release|Any CPU
	EndGlobalSection
	GlobalSection(SolutionProperties) = preSolution
		HideSolutionNode = FALSE
	EndGlobalSection
EndGlobal
